	<Project xmlns="http://schemas.microsoft.com/developer/msbuild/2003">
		<PropertyGroup>
			<ProjectGuid>{6B0A31FE-4A1B-4DFA-8FB7-243C0AA1B492}</ProjectGuid>
			<MainSource>pascalscada.dpk</MainSource>
			<Config Condition="'$(Config)'==''">Debug</Config>
			<DCC_DCCCompiler>DCC32</DCC_DCCCompiler>
			<ProjectVersion>12.0</ProjectVersion>
		</PropertyGroup>
		<PropertyGroup Condition="'$(Config)'=='Base' or '$(Base)'!=''">
			<Base>true</Base>
		</PropertyGroup>
		<PropertyGroup Condition="'$(Config)'=='Release' or '$(Cfg_1)'!=''">
			<Cfg_1>true</Cfg_1>
			<CfgParent>Base</CfgParent>
			<Base>true</Base>
		</PropertyGroup>
		<PropertyGroup Condition="'$(Config)'=='Debug' or '$(Cfg_2)'!=''">
			<Cfg_2>true</Cfg_2>
			<CfgParent>Base</CfgParent>
			<Base>true</Base>
		</PropertyGroup>
		<PropertyGroup Condition="'$(Base)'!=''">
			<DesignOnlyPackage>false</DesignOnlyPackage>
			<DCC_ImageBase>00400000</DCC_ImageBase>
			<DCC_DependencyCheckOutputName>C:\Documents and Settings\All Users\Documents\RAD Studio\6.0\Bpl\pascalscada.bpl</DCC_DependencyCheckOutputName>
			<DCC_IOChecking>false</DCC_IOChecking>
			<DCC_Platform>x86</DCC_Platform>
			<DCC_UnitAlias>WinTypes=Windows;WinProcs=Windows;DbiTypes=BDE;DbiProcs=BDE;DbiErrs=BDE;$(DCC_UnitAlias)</DCC_UnitAlias>
			<DCC_Description>PascalSCADA</DCC_Description>
			<DCC_Define>ZEOS_DISABLE_ASA;$(DCC_Define)</DCC_Define>
			<DebugSourcePath>.;$(DebugSourcePath)</DebugSourcePath>
			<DCC_N>true</DCC_N>
			<DCC_K>false</DCC_K>
			<GenDll>true</GenDll>
			<DCC_S>false</DCC_S>
			<DCC_F>false</DCC_F>
			<GenPackage>true</GenPackage>
			<DCC_SymbolReferenceInfo>1</DCC_SymbolReferenceInfo>
			<DCC_E>false</DCC_E>
			<DCC_DcuOutput>lib\delphi</DCC_DcuOutput>
		</PropertyGroup>
		<PropertyGroup Condition="'$(Cfg_1)'!=''">
			<DCC_LocalDebugSymbols>false</DCC_LocalDebugSymbols>
			<DCC_Define>RELEASE;$(DCC_Define)</DCC_Define>
			<DCC_SymbolReferenceInfo>0</DCC_SymbolReferenceInfo>
			<DCC_DebugInformation>false</DCC_DebugInformation>
		</PropertyGroup>
		<PropertyGroup Condition="'$(Cfg_2)'!=''">
			<DCC_Define>DEBUG;$(DCC_Define)</DCC_Define>
		</PropertyGroup>
		<ItemGroup>
			<DelphiCompile Include="pascalscada.dpk">
				<MainSource>MainSource</MainSource>
			</DelphiCompile>
			<DCCReference Include="designide.dcp"/>
			<DCCReference Include="VclSmp.dcp"/>
			<DCCReference Include="vcl.dcp"/>
			<DCCReference Include="rtl.dcp"/>
			<DCCReference Include="pascalscada_common.dcp"/>
			<DCCReference Include="src\scada\westasciidriver.pas"/>
			<DCCReference Include="src\scada\commport.pas"/>
			<DCCReference Include="src\scada\commtypes.pas"/>
			<DCCReference Include="src\scada\crc16utils.pas"/>
			<DCCReference Include="src\scada\iboxdriver.pas"/>
			<DCCReference Include="src\scada\isotcpdriver.pas"/>
			<DCCReference Include="src\scada\linearscaleprocessor.pas"/>
			<DCCReference Include="src\scada\modbusdriver.pas"/>
			<DCCReference Include="src\scada\modbusserial.pas"/>
			<DCCReference Include="src\scada\modbustcp.pas"/>
			<DCCReference Include="src\scada\opcdaprotocol.pas"/>
			<DCCReference Include="src\scada\plcblock.pas"/>
			<DCCReference Include="src\scada\plcblockelement.pas"/>
			<DCCReference Include="src\scada\plcmemorymanager.pas"/>
			<DCCReference Include="src\scada\plcnumber.pas"/>
			<DCCReference Include="src\scada\plcstring.pas"/>
			<DCCReference Include="src\scada\plcstruct.pas"/>
			<DCCReference Include="src\scada\plcstructelement.pas"/>
			<DCCReference Include="src\scada\plctag.pas"/>
			<DCCReference Include="src\scada\plctagnumber.pas"/>
			<DCCReference Include="src\scada\protocoldriver.pas"/>
			<DCCReference Include="src\scada\protocoltypes.pas"/>
			<DCCReference Include="src\scada\protscan.pas"/>
			<DCCReference Include="src\scada\protscanupdate.pas"/>
			<DCCReference Include="src\scada\psOPC_AE.pas"/>
			<DCCReference Include="src\scada\psOPCCOMN.pas"/>
			<DCCReference Include="src\scada\psOPCDA.pas"/>
			<DCCReference Include="src\scada\psOPCenum.pas"/>
			<DCCReference Include="src\scada\psOPCerror.pas"/>
			<DCCReference Include="src\scada\psOPCHDA.pas"/>
			<DCCReference Include="src\scada\psOPCSEC.pas"/>
			<DCCReference Include="src\scada\psOPCtypes.pas"/>
			<DCCReference Include="src\scada\psOPCutils.pas"/>
			<DCCReference Include="src\scada\s7family.pas"/>
			<DCCReference Include="src\scada\s7types.pas"/>
			<DCCReference Include="src\scada\scadapropeditor.pas"/>
			<DCCReference Include="src\scada\scadareg.pas"/>
			<DCCReference Include="src\scada\serialport.pas"/>
			<DCCReference Include="src\scada\socket_types.pas"/>
			<DCCReference Include="src\scada\tag.pas"/>
			<DCCReference Include="src\scada\tagbit.pas"/>
			<DCCReference Include="src\scada\tagblock.pas"/>
			<DCCReference Include="src\scada\tagcollection.pas"/>
			<DCCReference Include="src\scada\tcp_udpport.pas"/>
			<DCCReference Include="src\scada\ubitmapper.pas">
				<Form>frmBitMapper</Form>
			</DCCReference>
			<DCCReference Include="src\scada\uelementmapper.pas">
				<Form>frmMapElements</Form>
			</DCCReference>
			<DCCReference Include="src\scada\umodbustagbuilder.pas">
				<Form>frmModbusTagBuilder</Form>
			</DCCReference>
			<DCCReference Include="src\scada\us7tagbuilder.pas">
				<Form>frmS7TagBuilder</Form>
			</DCCReference>
			<DCCReference Include="src\scada\userscale.pas"/>
			<DCCReference Include="src\scada\ustructuremapper.pas">
				<Form>frmStructureEditor</Form>
			</DCCReference>
			<DCCReference Include="src\scada\uwesttagbuilder.pas">
				<Form>WestTagBuilder</Form>
			</DCCReference>
			<DCCReference Include="src\scada\valueprocessor.pas"/>
			<DCCReference Include="src\scada\sockets_w32_w64.pas"/>
			<DCCReference Include="src\hmi\winccusermanagement.pas"/>
			<DCCReference Include="src\hmi\basicusermanagement.pas"/>
			<DCCReference Include="src\hmi\controlsecuritymanager.pas"/>
			<DCCReference Include="src\hmi\crosskeyevents.pas"/>
			<DCCReference Include="src\hmi\customizedusermanagement.pas"/>
			<DCCReference Include="src\hmi\hmianimation.pas"/>
			<DCCReference Include="src\hmi\hmicheckbox.pas"/>
			<DCCReference Include="src\hmi\hmicontroldislocatoranimation.pas"/>
			<DCCReference Include="src\hmi\hmiedit.pas"/>
			<DCCReference Include="src\hmi\hmilabel.pas"/>
			<DCCReference Include="src\hmi\hmiprogressbar.pas"/>
			<DCCReference Include="src\hmi\hmipropeditor.pas"/>
			<DCCReference Include="src\hmi\hmiradiobutton.pas"/>
			<DCCReference Include="src\hmi\hmiradiogroup.pas"/>
			<DCCReference Include="src\hmi\hmiregister.pas"/>
			<DCCReference Include="src\hmi\hmiscrollbar.pas"/>
			<DCCReference Include="src\hmi\hmitext.pas"/>
			<DCCReference Include="src\hmi\hmitrackbar.pas"/>
			<DCCReference Include="src\hmi\hmitypes.pas"/>
			<DCCReference Include="src\hmi\hmiupdown.pas"/>
			<DCCReference Include="src\hmi\hmizones.pas"/>
			<DCCReference Include="src\hmi\ualfakeyboard.pas">
				<Form>Form1</Form>
			</DCCReference>
			<DCCReference Include="src\hmi\unumerickeyboard.pas">
				<Form>NumericKeyBoard</Form>
			</DCCReference>
			<DCCReference Include="src\hmi\usrmgnt_login.pas">
				<Form>frmUserAuthentication</Form>
			</DCCReference>
			<DCCReference Include="src\scada\mutexserver.pas"/>
			<DCCReference Include="src\scada\mutexclient.pas"/>
			<BuildConfiguration Include="Base">
				<Key>Base</Key>
			</BuildConfiguration>
			<BuildConfiguration Include="Debug">
				<Key>Cfg_2</Key>
				<CfgParent>Base</CfgParent>
			</BuildConfiguration>
			<BuildConfiguration Include="Release">
				<Key>Cfg_1</Key>
				<CfgParent>Base</CfgParent>
			</BuildConfiguration>
		</ItemGroup>
		<Import Project="$(BDS)\Bin\CodeGear.Delphi.Targets" Condition="Exists('$(BDS)\Bin\CodeGear.Delphi.Targets')"/>
		<ProjectExtensions>
			<Borland.Personality>Delphi.Personality.12</Borland.Personality>
			<Borland.ProjectType>Package</Borland.ProjectType>
			<BorlandProject>
				<Delphi.Personality>
					<Source>
						<Source Name="MainSource">pascalscada.dpk</Source>
					</Source>
					<Parameters>
						<Parameters Name="UseLauncher">False</Parameters>
						<Parameters Name="LoadAllSymbols">True</Parameters>
						<Parameters Name="LoadUnspecifiedSymbols">False</Parameters>
					</Parameters>
					<VersionInfo>
						<VersionInfo Name="IncludeVerInfo">True</VersionInfo>
						<VersionInfo Name="AutoIncBuild">False</VersionInfo>
						<VersionInfo Name="MajorVer">0</VersionInfo>
						<VersionInfo Name="MinorVer">7</VersionInfo>
						<VersionInfo Name="Release">3</VersionInfo>
						<VersionInfo Name="Build">1</VersionInfo>
						<VersionInfo Name="Debug">False</VersionInfo>
						<VersionInfo Name="PreRelease">False</VersionInfo>
						<VersionInfo Name="Special">False</VersionInfo>
						<VersionInfo Name="Private">False</VersionInfo>
						<VersionInfo Name="DLL">False</VersionInfo>
						<VersionInfo Name="Locale">1046</VersionInfo>
						<VersionInfo Name="CodePage">1252</VersionInfo>
					</VersionInfo>
					<VersionInfoKeys>
						<VersionInfoKeys Name="CompanyName"/>
						<VersionInfoKeys Name="FileDescription"/>
						<VersionInfoKeys Name="FileVersion">0.7.3.1</VersionInfoKeys>
						<VersionInfoKeys Name="InternalName"/>
						<VersionInfoKeys Name="LegalCopyright"/>
						<VersionInfoKeys Name="LegalTrademarks"/>
						<VersionInfoKeys Name="OriginalFilename"/>
						<VersionInfoKeys Name="ProductName"/>
						<VersionInfoKeys Name="ProductVersion">0.7.3.0</VersionInfoKeys>
						<VersionInfoKeys Name="Comments"/>
					</VersionInfoKeys>
					<Excluded_Packages/>
				</Delphi.Personality>
			</BorlandProject>
			<ProjectFileVersion>12</ProjectFileVersion>
		</ProjectExtensions>
	</Project>
