	<Project xmlns="http://schemas.microsoft.com/developer/msbuild/2003">
		<PropertyGroup>
			<ProjectGuid>{8A63753C-54A1-4708-8908-028BA69A953A}</ProjectGuid>
			<MainSource>zeoslib_pascalscada.dpk</MainSource>
			<Config Condition="'$(Config)'==''">Debug</Config>
			<DCC_DCCCompiler>DCC32</DCC_DCCCompiler>
			<ProjectVersion>15.3</ProjectVersion>
			<FrameworkType>VCL</FrameworkType>
			<Base>True</Base>
			<Platform Condition="'$(Platform)'==''">Win32</Platform>
			<TargetedPlatforms>17</TargetedPlatforms>
			<AppType>Package</AppType>
		</PropertyGroup>
		<PropertyGroup Condition="'$(Config)'=='Base' or '$(Base)'!=''">
			<Base>true</Base>
		</PropertyGroup>
		<PropertyGroup Condition="'$(Config)'=='Release' or '$(Cfg_1)'!=''">
			<Cfg_1>true</Cfg_1>
			<CfgParent>Base</CfgParent>
			<Base>true</Base>
		</PropertyGroup>
		<PropertyGroup Condition="'$(Config)'=='Debug' or '$(Cfg_2)'!=''">
			<Cfg_2>true</Cfg_2>
			<CfgParent>Base</CfgParent>
			<Base>true</Base>
		</PropertyGroup>
		<PropertyGroup Condition="'$(Base)'!=''">
			<DCC_DebugInformation>false</DCC_DebugInformation>
			<DCC_Namespace>Vcl;Vcl.Imaging;Vcl.Touch;Vcl.Samples;Vcl.Shell;System;Xml;Data;Datasnap;Web;Soap;Winapi;System.Win;$(DCC_Namespace)</DCC_Namespace>
			<VerInfo_MajorVer>0</VerInfo_MajorVer>
			<VerInfo_MinorVer>7</VerInfo_MinorVer>
			<VerInfo_Release>3</VerInfo_Release>
			<VerInfo_IncludeVerInfo>true</VerInfo_IncludeVerInfo>
			<VerInfo_Locale>1033</VerInfo_Locale>
			<VerInfo_Keys>CompanyName=;FileDescription=;FileVersion=0.7.3.0;InternalName=;LegalCopyright=;LegalTrademarks=;OriginalFilename=;ProductName=;ProductVersion=1.0.0.0;Comments=</VerInfo_Keys>
			<DesignOnlyPackage>false</DesignOnlyPackage>
			<DCC_ImageBase>00400000</DCC_ImageBase>
			<DCC_DependencyCheckOutputName>C:\Documents and Settings\All Users\Documents\RAD Studio\6.0\Bpl\zeoslib_pascalscada.bpl</DCC_DependencyCheckOutputName>
			<DCC_IOChecking>false</DCC_IOChecking>
			<DCC_UnitSearchPath>zeoslib\src\component;zeoslib\src\core;zeoslib\src\dbc;zeoslib\src\parsesql;zeoslib\src\plain;src\database;$(DCC_UnitSearchPath)</DCC_UnitSearchPath>
			<DCC_Platform>x86</DCC_Platform>
			<DCC_LocalDebugSymbols>false</DCC_LocalDebugSymbols>
			<DCC_Description>PascalSCADA - Database Compatibility - ZeosLib</DCC_Description>
			<DCC_K>false</DCC_K>
			<DCC_F>false</DCC_F>
			<DCC_N>true</DCC_N>
			<GenDll>true</GenDll>
			<DCC_S>false</DCC_S>
			<DCC_E>false</DCC_E>
			<DCC_SymbolReferenceInfo>0</DCC_SymbolReferenceInfo>
			<DebugSourcePath>.;$(DebugSourcePath)</DebugSourcePath>
			<GenPackage>true</GenPackage>
			<DCC_AssertionsAtRuntime>false</DCC_AssertionsAtRuntime>
			<DCC_DcuOutput>lib\delphi</DCC_DcuOutput>
		</PropertyGroup>
		<PropertyGroup Condition="'$(Cfg_1)'!=''">
			<DCC_Define>RELEASE;$(DCC_Define)</DCC_Define>
		</PropertyGroup>
		<PropertyGroup Condition="'$(Cfg_2)'!=''">
			<DCC_Define>DEBUG;$(DCC_Define)</DCC_Define>
		</PropertyGroup>
		<ItemGroup>
			<DelphiCompile Include="zeoslib_pascalscada.dpk">
				<MainSource>MainSource</MainSource>
			</DelphiCompile>
			<DCCReference Include="zeoslib\src\component\ZComponent.dcr"/>
			<DCCReference Include="designide.dcp"/>
			<DCCReference Include="dbrtl.dcp"/>
			<DCCReference Include="rtl.dcp"/>
			<DCCReference Include="pascalscada_common.dcp"/>
			<DCCReference Include="xmlrtl.dcp"/>
			<DCCReference Include="vclactnband.dcp"/>
			<DCCReference Include="vclx.dcp"/>
			<DCCReference Include="vcl.dcp"/>
			<DCCReference Include="zeoslib\src\plain\ZPlainSqLiteDriver.pas"/>
			<DCCReference Include="zeoslib\src\plain\ZPlainAdo.pas"/>
			<DCCReference Include="zeoslib\src\plain\ZPlainAdoDriver.pas"/>
			<DCCReference Include="zeoslib\src\plain\ZPlainASAConstants.pas"/>
			<DCCReference Include="zeoslib\src\plain\ZPlainASADriver.pas"/>
			<DCCReference Include="zeoslib\src\plain\ZPlainDbLibConstants.pas"/>
			<DCCReference Include="zeoslib\src\plain\ZPlainDbLibDriver.pas"/>
			<DCCReference Include="zeoslib\src\plain\ZPlainDriver.pas"/>
			<DCCReference Include="zeoslib\src\plain\ZPlainFirebirdDriver.pas"/>
			<DCCReference Include="zeoslib\src\plain\ZPlainFirebirdInterbaseConstants.pas"/>
			<DCCReference Include="zeoslib\src\plain\ZPlainLoader.pas"/>
			<DCCReference Include="zeoslib\src\plain\ZPlainMySqlConstants.pas"/>
			<DCCReference Include="zeoslib\src\plain\ZPlainMySqlDriver.pas"/>
			<DCCReference Include="zeoslib\src\plain\ZPlainOracleConstants.pas"/>
			<DCCReference Include="zeoslib\src\plain\ZPlainOracleDriver.pas"/>
			<DCCReference Include="zeoslib\src\plain\ZPlainPostgreSqlDriver.pas"/>
			<DCCReference Include="zeoslib\src\parsesql\ZSybaseToken.pas"/>
			<DCCReference Include="zeoslib\src\parsesql\ZGenericSqlAnalyser.pas"/>
			<DCCReference Include="zeoslib\src\parsesql\ZGenericSqlToken.pas"/>
			<DCCReference Include="zeoslib\src\parsesql\ZInterbaseAnalyser.pas"/>
			<DCCReference Include="zeoslib\src\parsesql\ZInterbaseToken.pas"/>
			<DCCReference Include="zeoslib\src\parsesql\ZMySqlAnalyser.pas"/>
			<DCCReference Include="zeoslib\src\parsesql\ZMySqlToken.pas"/>
			<DCCReference Include="zeoslib\src\parsesql\ZOracleAnalyser.pas"/>
			<DCCReference Include="zeoslib\src\parsesql\ZOracleToken.pas"/>
			<DCCReference Include="zeoslib\src\parsesql\ZPostgreSqlAnalyser.pas"/>
			<DCCReference Include="zeoslib\src\parsesql\ZPostgreSqlToken.pas"/>
			<DCCReference Include="zeoslib\src\parsesql\ZScriptParser.pas"/>
			<DCCReference Include="zeoslib\src\parsesql\ZSelectSchema.pas"/>
			<DCCReference Include="zeoslib\src\parsesql\ZSqLiteAnalyser.pas"/>
			<DCCReference Include="zeoslib\src\parsesql\ZSqLiteToken.pas"/>
			<DCCReference Include="zeoslib\src\parsesql\ZSybaseAnalyser.pas"/>
			<DCCReference Include="zeoslib\src\dbc\ZDbcUtils.pas"/>
			<DCCReference Include="zeoslib\src\dbc\ZDbcAdo.pas"/>
			<DCCReference Include="zeoslib\src\dbc\ZDbcAdoMetadata.pas"/>
			<DCCReference Include="zeoslib\src\dbc\ZDbcAdoResultSet.pas"/>
			<DCCReference Include="zeoslib\src\dbc\ZDbcAdoStatement.pas"/>
			<DCCReference Include="zeoslib\src\dbc\ZDbcAdoUtils.pas"/>
			<DCCReference Include="zeoslib\src\dbc\ZDbcASA.pas"/>
			<DCCReference Include="zeoslib\src\dbc\ZDbcASAMetadata.pas"/>
			<DCCReference Include="zeoslib\src\dbc\ZDbcASAResultSet.pas"/>
			<DCCReference Include="zeoslib\src\dbc\ZDbcASAStatement.pas"/>
			<DCCReference Include="zeoslib\src\dbc\ZDbcASAUtils.pas"/>
			<DCCReference Include="zeoslib\src\dbc\ZDbcCache.pas"/>
			<DCCReference Include="zeoslib\src\dbc\ZDbcCachedResultSet.pas"/>
			<DCCReference Include="zeoslib\src\dbc\ZDbcConnection.pas"/>
			<DCCReference Include="zeoslib\src\dbc\ZDbcDbLib.pas"/>
			<DCCReference Include="zeoslib\src\dbc\ZDbcDbLibMetadata.pas"/>
			<DCCReference Include="zeoslib\src\dbc\ZDbcDbLibResultSet.pas"/>
			<DCCReference Include="zeoslib\src\dbc\ZDbcDbLibStatement.pas"/>
			<DCCReference Include="zeoslib\src\dbc\ZDbcDbLibUtils.pas"/>
			<DCCReference Include="zeoslib\src\dbc\ZDbcGenericResolver.pas"/>
			<DCCReference Include="zeoslib\src\dbc\ZDbcInterbase6.pas"/>
			<DCCReference Include="zeoslib\src\dbc\ZDbcInterbase6Metadata.pas"/>
			<DCCReference Include="zeoslib\src\dbc\ZDbcInterbase6ResultSet.pas"/>
			<DCCReference Include="zeoslib\src\dbc\ZDbcInterbase6Statement.pas"/>
			<DCCReference Include="zeoslib\src\dbc\ZDbcInterbase6Utils.pas"/>
			<DCCReference Include="zeoslib\src\dbc\ZDbcIntfs.pas"/>
			<DCCReference Include="zeoslib\src\dbc\ZDbcLogging.pas"/>
			<DCCReference Include="zeoslib\src\dbc\ZDbcMetadata.pas"/>
			<DCCReference Include="zeoslib\src\dbc\ZDbcMySql.pas"/>
			<DCCReference Include="zeoslib\src\dbc\ZDbcMySqlMetadata.pas"/>
			<DCCReference Include="zeoslib\src\dbc\ZDbcMySqlResultSet.pas"/>
			<DCCReference Include="zeoslib\src\dbc\ZDbcMySqlStatement.pas"/>
			<DCCReference Include="zeoslib\src\dbc\ZDbcMySqlUtils.pas"/>
			<DCCReference Include="zeoslib\src\dbc\ZDbcOracle.pas"/>
			<DCCReference Include="zeoslib\src\dbc\ZDbcOracleMetadata.pas"/>
			<DCCReference Include="zeoslib\src\dbc\ZDbcOracleResultSet.pas"/>
			<DCCReference Include="zeoslib\src\dbc\ZDbcOracleStatement.pas"/>
			<DCCReference Include="zeoslib\src\dbc\ZDbcOracleUtils.pas"/>
			<DCCReference Include="zeoslib\src\dbc\ZDbcPooled.pas"/>
			<DCCReference Include="zeoslib\src\dbc\ZDbcPostgreSql.pas"/>
			<DCCReference Include="zeoslib\src\dbc\ZDbcPostgreSqlMetadata.pas"/>
			<DCCReference Include="zeoslib\src\dbc\ZDbcPostgreSqlResultSet.pas"/>
			<DCCReference Include="zeoslib\src\dbc\ZDbcPostgreSqlStatement.pas"/>
			<DCCReference Include="zeoslib\src\dbc\ZDbcPostgreSqlUtils.pas"/>
			<DCCReference Include="zeoslib\src\dbc\ZDbcResultSet.pas"/>
			<DCCReference Include="zeoslib\src\dbc\ZDbcResultSetMetadata.pas"/>
			<DCCReference Include="zeoslib\src\dbc\ZDbcSqLite.pas"/>
			<DCCReference Include="zeoslib\src\dbc\ZDbcSqLiteMetadata.pas"/>
			<DCCReference Include="zeoslib\src\dbc\ZDbcSqLiteResultSet.pas"/>
			<DCCReference Include="zeoslib\src\dbc\ZDbcSqLiteStatement.pas"/>
			<DCCReference Include="zeoslib\src\dbc\ZDbcSqLiteUtils.pas"/>
			<DCCReference Include="zeoslib\src\dbc\ZDbcStatement.pas"/>
			<DCCReference Include="zeoslib\src\core\ZVariant.pas"/>
			<DCCReference Include="zeoslib\src\core\ZClasses.pas"/>
			<DCCReference Include="zeoslib\src\core\ZCollections.pas"/>
			<DCCReference Include="zeoslib\src\core\ZCompatibility.pas"/>
			<DCCReference Include="zeoslib\src\core\ZExpression.pas"/>
			<DCCReference Include="zeoslib\src\core\ZExprParser.pas"/>
			<DCCReference Include="zeoslib\src\core\ZExprToken.pas"/>
			<DCCReference Include="zeoslib\src\core\ZFunctions.pas"/>
			<DCCReference Include="zeoslib\src\core\ZFunctionsConvert.pas"/>
			<DCCReference Include="zeoslib\src\core\ZFunctionsDateTime.pas"/>
			<DCCReference Include="zeoslib\src\core\ZFunctionsMath.pas"/>
			<DCCReference Include="zeoslib\src\core\ZFunctionsOther.pas"/>
			<DCCReference Include="zeoslib\src\core\ZFunctionsStrings.pas"/>
			<DCCReference Include="zeoslib\src\core\ZMatchPattern.pas"/>
			<DCCReference Include="zeoslib\src\core\ZMessages.pas"/>
			<DCCReference Include="zeoslib\src\core\ZSysUtils.pas"/>
			<DCCReference Include="zeoslib\src\core\ZTokenizer.pas"/>
			<DCCReference Include="zeoslib\src\core\ZURL.pas"/>
			<DCCReference Include="zeoslib\src\core\ZVariables.pas"/>
			<DCCReference Include="zeoslib\src\component\ZAbstractConnection.pas"/>
			<DCCReference Include="zeoslib\src\component\ZAbstractDataset.pas"/>
			<DCCReference Include="zeoslib\src\component\ZAbstractRODataset.pas"/>
			<DCCReference Include="zeoslib\src\component\ZAbstractTable.pas"/>
			<DCCReference Include="zeoslib\src\component\ZComponentReg.pas"/>
			<DCCReference Include="zeoslib\src\component\ZConnection.pas"/>
			<DCCReference Include="zeoslib\src\component\ZConnectionGroup.pas"/>
			<DCCReference Include="zeoslib\src\component\ZDataset.pas"/>
			<DCCReference Include="zeoslib\src\component\ZDatasetUtils.pas"/>
			<DCCReference Include="zeoslib\src\component\ZGroupedConnection.pas"/>
			<DCCReference Include="zeoslib\src\component\ZIBEventAlerter.pas"/>
			<DCCReference Include="zeoslib\src\component\ZPgEventAlerter.pas"/>
			<DCCReference Include="zeoslib\src\component\ZPropertyEditor.pas"/>
			<DCCReference Include="zeoslib\src\component\ZSequence.pas"/>
			<DCCReference Include="zeoslib\src\component\ZSqlMetadata.pas"/>
			<DCCReference Include="zeoslib\src\component\ZSqlMonitor.pas"/>
			<DCCReference Include="zeoslib\src\component\ZSqlProcessor.pas"/>
			<DCCReference Include="zeoslib\src\component\ZSqlStrings.pas"/>
			<DCCReference Include="zeoslib\src\component\ZSqlUpdate.pas"/>
			<DCCReference Include="zeoslib\src\component\ZStoredProcedure.pas"/>
			<DCCReference Include="zeoslib\src\component\ZStreamBlob.pas"/>
			<DCCReference Include="zeoslib\src\component\ZUpdateSqlEditor.pas">
				<Form>ZUpdateSQLEditForm</Form>
			</DCCReference>
			<DCCReference Include="zeoslib\src\core\ZEncoding.pas"/>
			<DCCReference Include="src\database\fpsbufdataset.pas"/>
			<DCCReference Include="src\database\hmidbconnection.pas"/>
			<DCCReference Include="src\database\psbufdataset.pas"/>
			<DCCReference Include="src\database\pscada_dbreg.pas"/>
			<DCCReference Include="src\database\dbstructurechecker.pas"/>
			<DCCReference Include="zeoslib\src\component\ZComponent.dcr"/>
			<BuildConfiguration Include="Base">
				<Key>Base</Key>
			</BuildConfiguration>
			<BuildConfiguration Include="Debug">
				<Key>Cfg_2</Key>
				<CfgParent>Base</CfgParent>
			</BuildConfiguration>
			<BuildConfiguration Include="Release">
				<Key>Cfg_1</Key>
				<CfgParent>Base</CfgParent>
			</BuildConfiguration>
		</ItemGroup>
		<Import Project="$(BDS)\Bin\CodeGear.Delphi.Targets" Condition="Exists('$(BDS)\Bin\CodeGear.Delphi.Targets')"/>
		<ProjectExtensions>
			<Borland.Personality>Delphi.Personality.12</Borland.Personality>
			<Borland.ProjectType>Package</Borland.ProjectType>
			<BorlandProject>
				<Delphi.Personality>
					<Source>
						<Source Name="MainSource">zeoslib_pascalscada.dpk</Source>
					</Source>
					<Parameters>
						<Parameters Name="UseLauncher">False</Parameters>
						<Parameters Name="LoadAllSymbols">True</Parameters>
						<Parameters Name="LoadUnspecifiedSymbols">False</Parameters>
					</Parameters>
					<VersionInfo>
						<VersionInfo Name="IncludeVerInfo">True</VersionInfo>
						<VersionInfo Name="AutoIncBuild">False</VersionInfo>
						<VersionInfo Name="MajorVer">1</VersionInfo>
						<VersionInfo Name="MinorVer">0</VersionInfo>
						<VersionInfo Name="Release">0</VersionInfo>
						<VersionInfo Name="Build">0</VersionInfo>
						<VersionInfo Name="Debug">False</VersionInfo>
						<VersionInfo Name="PreRelease">False</VersionInfo>
						<VersionInfo Name="Special">False</VersionInfo>
						<VersionInfo Name="Private">False</VersionInfo>
						<VersionInfo Name="DLL">False</VersionInfo>
						<VersionInfo Name="Locale">1033</VersionInfo>
						<VersionInfo Name="CodePage">1252</VersionInfo>
					</VersionInfo>
					<VersionInfoKeys>
						<VersionInfoKeys Name="CompanyName"/>
						<VersionInfoKeys Name="FileDescription"/>
						<VersionInfoKeys Name="FileVersion">1.0.0.0</VersionInfoKeys>
						<VersionInfoKeys Name="InternalName"/>
						<VersionInfoKeys Name="LegalCopyright"/>
						<VersionInfoKeys Name="LegalTrademarks"/>
						<VersionInfoKeys Name="OriginalFilename"/>
						<VersionInfoKeys Name="ProductName"/>
						<VersionInfoKeys Name="ProductVersion">1.0.0.0</VersionInfoKeys>
						<VersionInfoKeys Name="Comments"/>
					</VersionInfoKeys>
					<Excluded_Packages/>
				</Delphi.Personality>
				<Platforms>
					<Platform value="Android">True</Platform>
					<Platform value="iOSDevice">False</Platform>
					<Platform value="iOSSimulator">False</Platform>
					<Platform value="Win32">True</Platform>
					<Platform value="Win64">False</Platform>
				</Platforms>
			</BorlandProject>
			<ProjectFileVersion>12</ProjectFileVersion>
		</ProjectExtensions>
	</Project>
