<?xml version="1.0"?>
<CONFIG>
  <ProjectOptions>
    <Version Value="7"/>
    <General>
      <MainUnit Value="0"/>
      <TargetFileExt Value=""/>
      <Icon Value="0"/>
      <UseXPManifest Value="True"/>
      <ActiveEditorIndexAtStart Value="1"/>
    </General>
    <VersionInfo>
      <ProjectVersion Value=""/>
    </VersionInfo>
    <PublishOptions>
      <Version Value="2"/>
      <IgnoreBinaries Value="False"/>
      <IncludeFileFilter Value="*.(pas|pp|inc|lfm|lpr|lrs|lpi|lpk|sh|xml)"/>
      <ExcludeFileFilter Value="*.(bak|ppu|ppw|o|so);*~;backup"/>
    </PublishOptions>
    <RunParams>
      <local>
        <FormatVersion Value="1"/>
        <LaunchingApplication PathPlusParams="/usr/X11R6/bin/xterm -T 'Lazarus Run Output' -e $(LazarusDir)/tools/runwait.sh $(TargetCmdLine)"/>
        <Display Value=":1"/>
      </local>
    </RunParams>
    <RequiredPackages Count="4">
      <Item1>
        <PackageName Value="TAChartLazarusPkg"/>
        <MinVersion Major="1" Valid="True"/>
      </Item1>
      <Item2>
        <PackageName Value="RunTimeTypeInfoControls"/>
        <MinVersion Minor="1" Valid="True"/>
      </Item2>
      <Item3>
        <PackageName Value="scada"/>
        <MinVersion Minor="5" Valid="True"/>
      </Item3>
      <Item4>
        <PackageName Value="LCL"/>
      </Item4>
    </RequiredPackages>
    <Units Count="50">
      <Unit0>
        <Filename Value="project4.lpr"/>
        <IsPartOfProject Value="True"/>
        <UnitName Value="project4"/>
        <CursorPos X="12" Y="7"/>
        <TopLine Value="1"/>
        <UsageCount Value="92"/>
      </Unit0>
      <Unit1>
        <Filename Value="unit4.pas"/>
        <IsPartOfProject Value="True"/>
        <ComponentName Value="Form1"/>
        <ResourceBaseClass Value="Form"/>
        <UnitName Value="Unit4"/>
        <CursorPos X="54" Y="74"/>
        <TopLine Value="44"/>
        <EditorIndex Value="0"/>
        <UsageCount Value="92"/>
        <Loaded Value="True"/>
      </Unit1>
      <Unit2>
        <Filename Value="../../tcp_udpport.pas"/>
        <UnitName Value="tcp_udpport"/>
        <CursorPos X="35" Y="1"/>
        <TopLine Value="1"/>
        <UsageCount Value="18"/>
        <SyntaxHighlighter Value="Delphi"/>
      </Unit2>
      <Unit3>
        <Filename Value="../../../../lazarus/lcl/forms.pp"/>
        <UnitName Value="Forms"/>
        <CursorPos X="15" Y="1218"/>
        <TopLine Value="1200"/>
        <UsageCount Value="5"/>
      </Unit3>
      <Unit4>
        <Filename Value="../../../../lazarus/lcl/lclproc.pas"/>
        <UnitName Value="LCLProc"/>
        <CursorPos X="11" Y="197"/>
        <TopLine Value="179"/>
        <UsageCount Value="3"/>
      </Unit4>
      <Unit5>
        <Filename Value="../../commport.pas"/>
        <UnitName Value="CommPort"/>
        <CursorPos X="32" Y="716"/>
        <TopLine Value="700"/>
        <UsageCount Value="19"/>
        <SyntaxHighlighter Value="Delphi"/>
      </Unit5>
      <Unit6>
        <Filename Value="../../serialport.pas"/>
        <UnitName Value="SerialPort"/>
        <CursorPos X="26" Y="819"/>
        <TopLine Value="784"/>
        <UsageCount Value="12"/>
        <SyntaxHighlighter Value="Delphi"/>
      </Unit6>
      <Unit7>
        <Filename Value="../../modbustcp.pas"/>
        <UnitName Value="ModBusTCP"/>
        <CursorPos X="31" Y="18"/>
        <TopLine Value="3"/>
        <UsageCount Value="33"/>
        <SyntaxHighlighter Value="Delphi"/>
      </Unit7>
      <Unit8>
        <Filename Value="../../modbusdriver.pas"/>
        <UnitName Value="ModBusDriver"/>
        <CursorPos X="3" Y="165"/>
        <TopLine Value="163"/>
        <UsageCount Value="15"/>
        <SyntaxHighlighter Value="Delphi"/>
      </Unit8>
      <Unit9>
        <Filename Value="../../tag.pas"/>
        <UnitName Value="Tag"/>
        <CursorPos X="1" Y="298"/>
        <TopLine Value="267"/>
        <UsageCount Value="3"/>
        <SyntaxHighlighter Value="Delphi"/>
      </Unit9>
      <Unit10>
        <Filename Value="../../protscanupdate.pas"/>
        <UnitName Value="protscanupdate"/>
        <CursorPos X="48" Y="146"/>
        <TopLine Value="124"/>
        <UsageCount Value="33"/>
        <SyntaxHighlighter Value="Delphi"/>
      </Unit10>
      <Unit11>
        <Filename Value="../../hmizones.pas"/>
        <UnitName Value="HMIZones"/>
        <CursorPos X="52" Y="13"/>
        <TopLine Value="1"/>
        <UsageCount Value="3"/>
        <SyntaxHighlighter Value="Delphi"/>
      </Unit11>
      <Unit12>
        <Filename Value="../../hmiradiobutton.pas"/>
        <UnitName Value="HMIRadioButton"/>
        <CursorPos X="35" Y="83"/>
        <TopLine Value="1"/>
        <UsageCount Value="3"/>
        <SyntaxHighlighter Value="Delphi"/>
      </Unit12>
      <Unit13>
        <Filename Value="../../hmiradiogroup.pas"/>
        <UnitName Value="HMIRadioGroup"/>
        <CursorPos X="24" Y="31"/>
        <TopLine Value="13"/>
        <UsageCount Value="3"/>
        <SyntaxHighlighter Value="Delphi"/>
      </Unit13>
      <Unit14>
        <Filename Value="../../hmiupdown.pas"/>
        <UnitName Value="HMIUpDown"/>
        <CursorPos X="3" Y="16"/>
        <TopLine Value="51"/>
        <UsageCount Value="9"/>
        <SyntaxHighlighter Value="Delphi"/>
      </Unit14>
      <Unit15>
        <Filename Value="../../plctagnumber.pas"/>
        <UnitName Value="PLCTagNumber"/>
        <CursorPos X="25" Y="15"/>
        <TopLine Value="1"/>
        <UsageCount Value="9"/>
        <SyntaxHighlighter Value="Delphi"/>
      </Unit15>
      <Unit16>
        <Filename Value="../../../fpcbuild231/fpcbuild/fpcsrc/rtl/unix/bunxovlh.inc"/>
        <CursorPos X="10" Y="74"/>
        <TopLine Value="56"/>
        <UsageCount Value="3"/>
      </Unit16>
      <Unit17>
        <Filename Value="../../../fpcbuild231/fpcbuild/fpcsrc/rtl/unix/genfdset.inc"/>
        <CursorPos X="3" Y="40"/>
        <TopLine Value="27"/>
        <UsageCount Value="3"/>
      </Unit17>
      <Unit18>
        <Filename Value="../../tagbit.pas"/>
        <UnitName Value="TagBit"/>
        <CursorPos X="5" Y="290"/>
        <TopLine Value="255"/>
        <UsageCount Value="3"/>
        <SyntaxHighlighter Value="Delphi"/>
      </Unit18>
      <Unit19>
        <Filename Value="../../westasciidriver.pas"/>
        <UnitName Value="WestASCIIDriver"/>
        <CursorPos X="15" Y="922"/>
        <TopLine Value="905"/>
        <UsageCount Value="11"/>
        <SyntaxHighlighter Value="Delphi"/>
      </Unit19>
      <Unit20>
        <Filename Value="../../protocoldriver.pas"/>
        <UnitName Value="ProtocolDriver"/>
        <CursorPos X="3" Y="358"/>
        <TopLine Value="354"/>
        <UsageCount Value="15"/>
        <SyntaxHighlighter Value="Delphi"/>
      </Unit20>
      <Unit21>
        <Filename Value="../../crossevent.pas"/>
        <UnitName Value="CrossEvent"/>
        <CursorPos X="20" Y="271"/>
        <TopLine Value="247"/>
        <UsageCount Value="31"/>
        <SyntaxHighlighter Value="Delphi"/>
      </Unit21>
      <Unit22>
        <Filename Value="../../../fpcbuild231/fpcbuild/fpcsrc/rtl/inc/socketsh.inc"/>
        <CursorPos X="12" Y="179"/>
        <TopLine Value="170"/>
        <UsageCount Value="3"/>
      </Unit22>
      <Unit23>
        <Filename Value="../../../fpcbuild231/fpcbuild/fpcsrc/rtl/inc/sockovl.inc"/>
        <CursorPos X="3" Y="23"/>
        <TopLine Value="21"/>
        <UsageCount Value="3"/>
      </Unit23>
      <Unit24>
        <Filename Value="../../../fpcbuild231/fpcbuild/fpcsrc/rtl/linux/unixsock.inc"/>
        <CursorPos X="37" Y="158"/>
        <TopLine Value="148"/>
        <UsageCount Value="3"/>
      </Unit24>
      <Unit25>
        <Filename Value="../../hmilabel.pas"/>
        <UnitName Value="HMILabel"/>
        <CursorPos X="3" Y="15"/>
        <TopLine Value="61"/>
        <UsageCount Value="9"/>
        <SyntaxHighlighter Value="Delphi"/>
      </Unit25>
      <Unit26>
        <Filename Value="../../../fpcbuild231/fpcbuild/fpcsrc/rtl/unix/sockets.pp"/>
        <UnitName Value="Sockets"/>
        <CursorPos X="9" Y="32"/>
        <TopLine Value="12"/>
        <UsageCount Value="3"/>
      </Unit26>
      <Unit27>
        <Filename Value="../../../fpcbuild251/fpcbuild/fpcsrc/rtl/objpas/sysutils/sysutilh.inc"/>
        <CursorPos X="14" Y="173"/>
        <TopLine Value="155"/>
        <UsageCount Value="4"/>
      </Unit27>
      <Unit28>
        <Filename Value="../../../fpcbuild251/fpcbuild/fpcsrc/rtl/objpas/sysutils/sysutils.inc"/>
        <CursorPos X="10" Y="137"/>
        <TopLine Value="134"/>
        <UsageCount Value="4"/>
      </Unit28>
      <Unit29>
        <Filename Value="../../../../lazarus/lcl/interfaces/gtk/gtkproc.inc"/>
        <CursorPos X="1" Y="434"/>
        <TopLine Value="399"/>
        <UsageCount Value="4"/>
      </Unit29>
      <Unit30>
        <Filename Value="../../../../lazarus/lcl/include/wincontrol.inc"/>
        <CursorPos X="1" Y="7011"/>
        <TopLine Value="6993"/>
        <UsageCount Value="4"/>
      </Unit30>
      <Unit31>
        <Filename Value="../../../../lazarus/lcl/include/application.inc"/>
        <CursorPos X="25" Y="1240"/>
        <TopLine Value="1205"/>
        <UsageCount Value="4"/>
      </Unit31>
      <Unit32>
        <Filename Value="../../../../lazarus/lcl/interfacebase.pp"/>
        <UnitName Value="InterfaceBase"/>
        <CursorPos X="15" Y="79"/>
        <TopLine Value="79"/>
        <UsageCount Value="4"/>
      </Unit32>
      <Unit33>
        <Filename Value="../../../../lazarus/lcl/include/interfacebase.inc"/>
        <CursorPos X="3" Y="49"/>
        <TopLine Value="47"/>
        <UsageCount Value="4"/>
      </Unit33>
      <Unit34>
        <Filename Value="../../../fpcbuild251/fpcbuild/fpcsrc/packages/fcl-base/src/custapp.pp"/>
        <UnitName Value="CustApp"/>
        <CursorPos X="3" Y="71"/>
        <TopLine Value="38"/>
        <UsageCount Value="4"/>
      </Unit34>
      <Unit35>
        <Filename Value="../../protscan.pas"/>
        <UnitName Value="protscan"/>
        <CursorPos X="54" Y="131"/>
        <TopLine Value="113"/>
        <UsageCount Value="33"/>
        <SyntaxHighlighter Value="Delphi"/>
      </Unit35>
      <Unit36>
        <Filename Value="../../../fpcbuild251/fpcbuild/fpcsrc/rtl/objpas/classes/classesh.inc"/>
        <CursorPos X="15" Y="1431"/>
        <TopLine Value="1414"/>
        <UsageCount Value="15"/>
      </Unit36>
      <Unit37>
        <Filename Value="../../../fpcbuild251/fpcbuild/fpcsrc/rtl/objpas/classes/classes.inc"/>
        <CursorPos X="23" Y="118"/>
        <TopLine Value="116"/>
        <UsageCount Value="15"/>
      </Unit37>
      <Unit38>
        <Filename Value="../../../fpcbuild251/fpcbuild/fpcsrc/rtl/inc/objpash.inc"/>
        <CursorPos X="21" Y="204"/>
        <TopLine Value="187"/>
        <UsageCount Value="15"/>
      </Unit38>
      <Unit39>
        <Filename Value="../../../fpcbuild251/fpcbuild/fpcsrc/rtl/inc/objpas.inc"/>
        <CursorPos X="9" Y="591"/>
        <TopLine Value="588"/>
        <UsageCount Value="15"/>
      </Unit39>
      <Unit40>
        <Filename Value="../../plcmemorymananger.pas"/>
        <UnitName Value="PLCMemoryMananger"/>
        <CursorPos X="26" Y="941"/>
        <TopLine Value="910"/>
        <EditorIndex Value="1"/>
        <UsageCount Value="13"/>
        <Loaded Value="True"/>
        <SyntaxHighlighter Value="Delphi"/>
      </Unit40>
      <Unit41>
        <Filename Value="../../../fpcbuild251/fpcbuild/fpcsrc/rtl/unix/serial.pp"/>
        <UnitName Value="Serial"/>
        <CursorPos X="3" Y="17"/>
        <TopLine Value="1"/>
        <UsageCount Value="12"/>
      </Unit41>
      <Unit42>
        <Filename Value="../../../fpcbuild251/fpcbuild/fpcsrc/rtl/linux/termios.inc"/>
        <CursorPos X="4" Y="994"/>
        <TopLine Value="977"/>
        <UsageCount Value="11"/>
      </Unit42>
      <Unit43>
        <Filename Value="../../../fpcbuild251/fpcbuild/fpcsrc/packages/fcl-base/src/syncobjs.pp"/>
        <UnitName Value="syncobjs"/>
        <CursorPos X="19" Y="31"/>
        <TopLine Value="14"/>
        <UsageCount Value="9"/>
      </Unit43>
      <Unit44>
        <Filename Value="../../iboxdriver.pas"/>
        <UnitName Value="IBoxDriver"/>
        <CursorPos X="18" Y="653"/>
        <TopLine Value="636"/>
        <UsageCount Value="9"/>
        <SyntaxHighlighter Value="Delphi"/>
      </Unit44>
      <Unit45>
        <Filename Value="../../../fpcbuild251/fpcbuild/fpcsrc/rtl/objpas/sysutils/sysstrh.inc"/>
        <CursorPos X="10" Y="118"/>
        <TopLine Value="101"/>
        <UsageCount Value="10"/>
      </Unit45>
      <Unit46>
        <Filename Value="../../plcblock.pas"/>
        <UnitName Value="PLCBlock"/>
        <CursorPos X="17" Y="30"/>
        <TopLine Value="25"/>
        <UsageCount Value="9"/>
        <SyntaxHighlighter Value="Delphi"/>
      </Unit46>
      <Unit47>
        <Filename Value="../../plcnumber.pas"/>
        <UnitName Value="PLCNumber"/>
        <CursorPos X="24" Y="15"/>
        <TopLine Value="1"/>
        <UsageCount Value="9"/>
        <SyntaxHighlighter Value="Delphi"/>
      </Unit47>
      <Unit48>
        <Filename Value="../../plctag.pas"/>
        <UnitName Value="PLCTag"/>
        <CursorPos X="3" Y="218"/>
        <TopLine Value="216"/>
        <UsageCount Value="9"/>
        <SyntaxHighlighter Value="Delphi"/>
      </Unit48>
      <Unit49>
        <Filename Value="../../../../lazarus/components/tachart/tasources.pas"/>
        <UnitName Value="TASources"/>
        <CursorPos X="14" Y="101"/>
        <TopLine Value="89"/>
        <UsageCount Value="9"/>
      </Unit49>
    </Units>
    <JumpHistory Count="28" HistoryIndex="27">
      <Position1>
        <Filename Value="unit4.pas"/>
        <Caret Line="57" Column="3" TopLine="34"/>
      </Position1>
      <Position2>
        <Filename Value="unit4.pas"/>
        <Caret Line="56" Column="3" TopLine="34"/>
      </Position2>
      <Position3>
        <Filename Value="unit4.pas"/>
        <Caret Line="57" Column="3" TopLine="34"/>
      </Position3>
      <Position4>
        <Filename Value="unit4.pas"/>
        <Caret Line="58" Column="3" TopLine="34"/>
      </Position4>
      <Position5>
        <Filename Value="unit4.pas"/>
        <Caret Line="57" Column="3" TopLine="34"/>
      </Position5>
      <Position6>
        <Filename Value="unit4.pas"/>
        <Caret Line="64" Column="9" TopLine="40"/>
      </Position6>
      <Position7>
        <Filename Value="unit4.pas"/>
        <Caret Line="59" Column="54" TopLine="40"/>
      </Position7>
      <Position8>
        <Filename Value="unit4.pas"/>
        <Caret Line="60" Column="54" TopLine="40"/>
      </Position8>
      <Position9>
        <Filename Value="unit4.pas"/>
        <Caret Line="61" Column="54" TopLine="40"/>
      </Position9>
      <Position10>
        <Filename Value="unit4.pas"/>
        <Caret Line="62" Column="54" TopLine="40"/>
      </Position10>
      <Position11>
        <Filename Value="unit4.pas"/>
        <Caret Line="63" Column="54" TopLine="40"/>
      </Position11>
      <Position12>
        <Filename Value="unit4.pas"/>
        <Caret Line="64" Column="54" TopLine="40"/>
      </Position12>
      <Position13>
        <Filename Value="unit4.pas"/>
        <Caret Line="63" Column="54" TopLine="40"/>
      </Position13>
      <Position14>
        <Filename Value="unit4.pas"/>
        <Caret Line="64" Column="54" TopLine="40"/>
      </Position14>
      <Position15>
        <Filename Value="unit4.pas"/>
        <Caret Line="65" Column="54" TopLine="40"/>
      </Position15>
      <Position16>
        <Filename Value="unit4.pas"/>
        <Caret Line="66" Column="54" TopLine="40"/>
      </Position16>
      <Position17>
        <Filename Value="unit4.pas"/>
        <Caret Line="67" Column="54" TopLine="40"/>
      </Position17>
      <Position18>
        <Filename Value="unit4.pas"/>
        <Caret Line="68" Column="54" TopLine="40"/>
      </Position18>
      <Position19>
        <Filename Value="unit4.pas"/>
        <Caret Line="69" Column="54" TopLine="40"/>
      </Position19>
      <Position20>
        <Filename Value="unit4.pas"/>
        <Caret Line="70" Column="54" TopLine="40"/>
      </Position20>
      <Position21>
        <Filename Value="unit4.pas"/>
        <Caret Line="71" Column="54" TopLine="40"/>
      </Position21>
      <Position22>
        <Filename Value="unit4.pas"/>
        <Caret Line="72" Column="54" TopLine="41"/>
      </Position22>
      <Position23>
        <Filename Value="unit4.pas"/>
        <Caret Line="73" Column="54" TopLine="44"/>
      </Position23>
      <Position24>
        <Filename Value="unit4.pas"/>
        <Caret Line="72" Column="54" TopLine="44"/>
      </Position24>
      <Position25>
        <Filename Value="unit4.pas"/>
        <Caret Line="71" Column="54" TopLine="44"/>
      </Position25>
      <Position26>
        <Filename Value="unit4.pas"/>
        <Caret Line="70" Column="54" TopLine="44"/>
      </Position26>
      <Position27>
        <Filename Value="unit4.pas"/>
        <Caret Line="72" Column="54" TopLine="44"/>
      </Position27>
      <Position28>
        <Filename Value="unit4.pas"/>
        <Caret Line="73" Column="54" TopLine="44"/>
      </Position28>
    </JumpHistory>
  </ProjectOptions>
  <CompilerOptions>
    <Version Value="8"/>
    <SearchPaths>
      <IncludeFiles Value="$(ProjOutDir)/"/>
    </SearchPaths>
    <CodeGeneration>
      <Optimizations>
        <OptimizationLevel Value="0"/>
      </Optimizations>
    </CodeGeneration>
    <Linking>
      <Debugging>
        <GenerateDebugInfo Value="True"/>
      </Debugging>
      <Options>
        <Win32>
          <GraphicApplication Value="True"/>
        </Win32>
      </Options>
    </Linking>
    <Other>
      <CompilerPath Value="$(CompPath)"/>
    </Other>
  </CompilerOptions>
  <Debugging>
    <Watches Count="5">
      <Item1>
        <Expression Value="TagObj.Size"/>
      </Item1>
      <Item2>
        <Expression Value="Packet^.BufferToRead"/>
      </Item2>
      <Item3>
        <Expression Value="Result"/>
      </Item3>
      <Item4>
        <Expression Value="Result.Res2"/>
      </Item4>
      <Item5>
        <Expression Value="Result.Res1"/>
      </Item5>
    </Watches>
    <Exceptions Count="3" IgnoreAll="True">
      <Item1>
        <Name Value="EAbort"/>
        <Enabled Value="False"/>
      </Item1>
      <Item2>
        <Name Value="ECodetoolError"/>
        <Enabled Value="False"/>
      </Item2>
      <Item3>
        <Name Value="EFOpenError"/>
        <Enabled Value="False"/>
      </Item3>
    </Exceptions>
  </Debugging>
</CONFIG>
