<?xml version="1.0"?>
<CONFIG>
  <ProjectOptions>
    <Version Value="7"/>
    <General>
      <MainUnit Value="0"/>
      <TargetFileExt Value=""/>
      <Icon Value="0"/>
      <UseXPManifest Value="True"/>
      <ActiveEditorIndexAtStart Value="0"/>
    </General>
    <VersionInfo>
      <ProjectVersion Value=""/>
      <Language Value=""/>
      <CharSet Value=""/>
    </VersionInfo>
    <PublishOptions>
      <Version Value="2"/>
      <IgnoreBinaries Value="False"/>
      <IncludeFileFilter Value="*.(pas|pp|inc|lfm|lpr|lrs|lpi|lpk|sh|xml)"/>
      <ExcludeFileFilter Value="*.(bak|ppu|ppw|o|so);*~;backup"/>
    </PublishOptions>
    <RunParams>
      <local>
        <FormatVersion Value="1"/>
        <LaunchingApplication PathPlusParams="/usr/X11R6/bin/xterm -T 'Lazarus Run Output' -e $(LazarusDir)/tools/runwait.sh $(TargetCmdLine)"/>
      </local>
    </RunParams>
    <RequiredPackages Count="4">
      <Item1>
        <PackageName Value="TAChartLazarusPkg"/>
        <MinVersion Major="1" Valid="True"/>
      </Item1>
      <Item2>
        <PackageName Value="RunTimeTypeInfoControls"/>
        <MinVersion Minor="1" Valid="True"/>
      </Item2>
      <Item3>
        <PackageName Value="scada"/>
        <MinVersion Minor="5" Valid="True"/>
      </Item3>
      <Item4>
        <PackageName Value="LCL"/>
      </Item4>
    </RequiredPackages>
    <Units Count="35">
      <Unit0>
        <Filename Value="project3.lpr"/>
        <IsPartOfProject Value="True"/>
        <UnitName Value="project3"/>
        <CursorPos X="13" Y="5"/>
        <TopLine Value="1"/>
        <UsageCount Value="47"/>
      </Unit0>
      <Unit1>
        <Filename Value="unit3.pas"/>
        <IsPartOfProject Value="True"/>
        <ComponentName Value="Form1"/>
        <ResourceBaseClass Value="Form"/>
        <UnitName Value="Unit3"/>
        <CursorPos X="66" Y="10"/>
        <TopLine Value="48"/>
        <EditorIndex Value="0"/>
        <UsageCount Value="47"/>
        <Loaded Value="True"/>
      </Unit1>
      <Unit2>
        <Filename Value="../../modbustcp.pas"/>
        <UnitName Value="ModBusTCP"/>
        <CursorPos X="3" Y="236"/>
        <TopLine Value="236"/>
        <UsageCount Value="16"/>
        <SyntaxHighlighter Value="Delphi"/>
      </Unit2>
      <Unit3>
        <Filename Value="../../modbusserial.pas"/>
        <UnitName Value="ModBusSerial"/>
        <CursorPos X="22" Y="205"/>
        <TopLine Value="191"/>
        <UsageCount Value="16"/>
        <SyntaxHighlighter Value="Delphi"/>
      </Unit3>
      <Unit4>
        <Filename Value="../../scadareg.pas"/>
        <UnitName Value="scadareg"/>
        <CursorPos X="27" Y="11"/>
        <TopLine Value="1"/>
        <UsageCount Value="9"/>
        <SyntaxHighlighter Value="Delphi"/>
      </Unit4>
      <Unit5>
        <Filename Value="../../tcp_udpport.pas"/>
        <UnitName Value="tcp_udpport"/>
        <CursorPos X="40" Y="254"/>
        <TopLine Value="221"/>
        <UsageCount Value="17"/>
        <SyntaxHighlighter Value="Delphi"/>
      </Unit5>
      <Unit6>
        <Filename Value="../../../fpcbuild231/fpcbuild/fpcsrc/packages/fcl-net/src/netdb.pp"/>
        <UnitName Value="netdb"/>
        <CursorPos X="3" Y="33"/>
        <TopLine Value="15"/>
        <UsageCount Value="10"/>
      </Unit6>
      <Unit7>
        <Filename Value="../../modbusdriver.pas"/>
        <UnitName Value="ModBusDriver"/>
        <CursorPos X="1" Y="162"/>
        <TopLine Value="144"/>
        <UsageCount Value="16"/>
        <SyntaxHighlighter Value="Delphi"/>
      </Unit7>
      <Unit8>
        <Filename Value="../../commport.pas"/>
        <UnitName Value="CommPort"/>
        <CursorPos X="14" Y="709"/>
        <TopLine Value="698"/>
        <UsageCount Value="14"/>
        <SyntaxHighlighter Value="Delphi"/>
      </Unit8>
      <Unit9>
        <Filename Value="../../../fpcbuild231/fpcbuild/fpcsrc/rtl/inc/socketsh.inc"/>
        <CursorPos X="10" Y="189"/>
        <TopLine Value="171"/>
        <UsageCount Value="10"/>
      </Unit9>
      <Unit10>
        <Filename Value="../../../fpcbuild231/fpcbuild/fpcsrc/rtl/inc/sockovl.inc"/>
        <CursorPos X="3" Y="86"/>
        <TopLine Value="84"/>
        <UsageCount Value="10"/>
      </Unit10>
      <Unit11>
        <Filename Value="../../../fpcbuild231/fpcbuild/fpcsrc/rtl/linux/unxsockh.inc"/>
        <CursorPos X="10" Y="100"/>
        <TopLine Value="100"/>
        <UsageCount Value="10"/>
      </Unit11>
      <Unit12>
        <Filename Value="../../../fpcbuild231/fpcbuild/fpcsrc/rtl/objpas/classes/classesh.inc"/>
        <CursorPos X="17" Y="1558"/>
        <TopLine Value="1539"/>
        <UsageCount Value="10"/>
      </Unit12>
      <Unit13>
        <Filename Value="../../../fpcbuild231/fpcbuild/fpcsrc/rtl/linux/unixsock.inc"/>
        <CursorPos X="3" Y="204"/>
        <TopLine Value="201"/>
        <UsageCount Value="10"/>
      </Unit13>
      <Unit14>
        <Filename Value="../../hmilabel.pas"/>
        <UnitName Value="HMILabel"/>
        <CursorPos X="1" Y="167"/>
        <TopLine Value="149"/>
        <UsageCount Value="10"/>
        <SyntaxHighlighter Value="Delphi"/>
      </Unit14>
      <Unit15>
        <Filename Value="../../../fpcbuild251/fpcbuild/fpcsrc/rtl/unix/sockets.pp"/>
        <UnitName Value="Sockets"/>
        <CursorPos X="33" Y="61"/>
        <TopLine Value="43"/>
        <UsageCount Value="11"/>
      </Unit15>
      <Unit16>
        <Filename Value="../../../fpcbuild251/fpcbuild/fpcsrc/rtl/inc/sockets.inc"/>
        <CursorPos X="36" Y="238"/>
        <TopLine Value="238"/>
        <UsageCount Value="10"/>
      </Unit16>
      <Unit17>
        <Filename Value="../../../fpcbuild251/fpcbuild/fpcsrc/rtl/inc/socketsh.inc"/>
        <CursorPos X="15" Y="51"/>
        <TopLine Value="30"/>
        <UsageCount Value="11"/>
      </Unit17>
      <Unit18>
        <Filename Value="../../../fpcbuild251/fpcbuild/fpcsrc/rtl/linux/unixsock.inc"/>
        <CursorPos X="29" Y="169"/>
        <TopLine Value="166"/>
        <UsageCount Value="10"/>
      </Unit18>
      <Unit19>
        <Filename Value="../../../fpcbuild251/fpcbuild/fpcsrc/rtl/unix/baseunix.pp"/>
        <UnitName Value="BaseUnix"/>
        <CursorPos X="7" Y="45"/>
        <TopLine Value="22"/>
        <UsageCount Value="10"/>
      </Unit19>
      <Unit20>
        <Filename Value="../../../fpcbuild251/fpcbuild/fpcsrc/rtl/linux/errno.inc"/>
        <CursorPos X="3" Y="204"/>
        <TopLine Value="186"/>
        <UsageCount Value="11"/>
      </Unit20>
      <Unit21>
        <Filename Value="../../commtypes.pas"/>
        <UnitName Value="commtypes"/>
        <CursorPos X="70" Y="46"/>
        <TopLine Value="28"/>
        <UsageCount Value="11"/>
        <SyntaxHighlighter Value="Delphi"/>
      </Unit21>
      <Unit22>
        <Filename Value="../../protscanupdate.pas"/>
        <UnitName Value="protscanupdate"/>
        <CursorPos X="116" Y="73"/>
        <TopLine Value="70"/>
        <UsageCount Value="10"/>
        <SyntaxHighlighter Value="Delphi"/>
      </Unit22>
      <Unit23>
        <Filename Value="../../protocoldriver.pas"/>
        <UnitName Value="ProtocolDriver"/>
        <CursorPos X="1" Y="300"/>
        <TopLine Value="387"/>
        <UsageCount Value="10"/>
        <SyntaxHighlighter Value="Delphi"/>
      </Unit23>
      <Unit24>
        <Filename Value="../../../../lazarus/lcl/lresources.pp"/>
        <UnitName Value="LResources"/>
        <CursorPos X="1" Y="3020"/>
        <TopLine Value="3002"/>
        <UsageCount Value="10"/>
      </Unit24>
      <Unit25>
        <Filename Value="../../crossevent.pas"/>
        <UnitName Value="CrossEvent"/>
        <CursorPos X="16" Y="155"/>
        <TopLine Value="152"/>
        <UsageCount Value="10"/>
        <SyntaxHighlighter Value="Delphi"/>
      </Unit25>
      <Unit26>
        <Filename Value="../../messagespool.pas"/>
        <UnitName Value="MessageSpool"/>
        <CursorPos X="1" Y="151"/>
        <TopLine Value="133"/>
        <UsageCount Value="10"/>
        <SyntaxHighlighter Value="Delphi"/>
      </Unit26>
      <Unit27>
        <Filename Value="../../../../lazarus/components/tachart/taseries.pas"/>
        <UnitName Value="TASeries"/>
        <CursorPos X="1" Y="432"/>
        <TopLine Value="414"/>
        <UsageCount Value="10"/>
      </Unit27>
      <Unit28>
        <Filename Value="../../../fpcbuild251/fpcbuild/fpcsrc/rtl/inc/objpash.inc"/>
        <CursorPos X="22" Y="177"/>
        <TopLine Value="156"/>
        <UsageCount Value="11"/>
      </Unit28>
      <Unit29>
        <Filename Value="../../../fpcbuild251/fpcbuild/fpcsrc/rtl/inc/objpas.inc"/>
        <CursorPos X="9" Y="156"/>
        <TopLine Value="154"/>
        <UsageCount Value="11"/>
      </Unit29>
      <Unit30>
        <Filename Value="../../plcmemorymananger.pas"/>
        <UnitName Value="PLCMemoryMananger"/>
        <CursorPos X="30" Y="13"/>
        <TopLine Value="1"/>
        <UsageCount Value="12"/>
        <SyntaxHighlighter Value="Delphi"/>
      </Unit30>
      <Unit31>
        <Filename Value="../../tagbit.pas"/>
        <UnitName Value="TagBit"/>
        <CursorPos X="16" Y="256"/>
        <TopLine Value="235"/>
        <UsageCount Value="10"/>
        <SyntaxHighlighter Value="Delphi"/>
      </Unit31>
      <Unit32>
        <Filename Value="../../hsutils.pas"/>
        <UnitName Value="hsutils"/>
        <CursorPos X="14" Y="71"/>
        <TopLine Value="43"/>
        <UsageCount Value="10"/>
        <SyntaxHighlighter Value="Delphi"/>
      </Unit32>
      <Unit33>
        <Filename Value="../../../fpcbuild251/fpcbuild/fpcsrc/rtl/unix/ctypes.inc"/>
        <CursorPos X="3" Y="37"/>
        <TopLine Value="16"/>
        <UsageCount Value="10"/>
      </Unit33>
      <Unit34>
        <Filename Value="../../../fpcbuild251/fpcbuild/fpcsrc/rtl/unix/aliasctp.inc"/>
        <CursorPos X="3" Y="32"/>
        <TopLine Value="11"/>
        <UsageCount Value="10"/>
      </Unit34>
    </Units>
    <JumpHistory Count="0" HistoryIndex="-1"/>
  </ProjectOptions>
  <CompilerOptions>
    <Version Value="8"/>
    <SearchPaths>
      <IncludeFiles Value="$(ProjOutDir)/"/>
    </SearchPaths>
    <CodeGeneration>
      <SmartLinkUnit Value="True"/>
      <Checks>
        <IOChecks Value="True"/>
        <RangeChecks Value="True"/>
        <StackChecks Value="True"/>
      </Checks>
      <VerifyObjMethodCallValidity Value="True"/>
      <Optimizations>
        <VariablesInRegisters Value="True"/>
        <UncertainOptimizations Value="True"/>
        <OptimizationLevel Value="3"/>
      </Optimizations>
    </CodeGeneration>
    <Linking>
      <Options>
        <Win32>
          <GraphicApplication Value="True"/>
        </Win32>
      </Options>
    </Linking>
    <Other>
      <CompilerPath Value="$(CompPath)"/>
    </Other>
  </CompilerOptions>
  <Debugging>
    <BreakPoints Count="2">
      <Item1>
        <Source Value="../../plcmemorymananger.pas"/>
        <Line Value="520"/>
      </Item1>
      <Item2>
        <Source Value="../../plcmemorymananger.pas"/>
        <Line Value="527"/>
      </Item2>
    </BreakPoints>
    <Watches Count="2">
      <Item1>
        <Expression Value="FAddress[c]"/>
      </Item1>
      <Item2>
        <Expression Value="FAddress[c].Address"/>
      </Item2>
    </Watches>
    <Exceptions Count="3">
      <Item1>
        <Name Value="EAbort"/>
      </Item1>
      <Item2>
        <Name Value="ECodetoolError"/>
      </Item2>
      <Item3>
        <Name Value="EFOpenError"/>
      </Item3>
    </Exceptions>
  </Debugging>
</CONFIG>
