<?xml version="1.0" encoding="UTF-8"?>
<CONFIG>
  <ProjectOptions>
    <Version Value="10"/>
    <General>
      <MainUnit Value="0"/>
      <Title Value="Monitoramento e controle de horimetros"/>
      <ResourceType Value="res"/>
      <UseXPManifest Value="True"/>
      <Icon Value="0"/>
    </General>
    <i18n>
      <EnableI18N LFM="False"/>
    </i18n>
    <BuildModes Count="1" Active="Default">
      <Item1 Name="Default" Default="True"/>
    </BuildModes>
    <PublishOptions>
      <Version Value="2"/>
      <IncludeFileFilter Value="*.(pas|pp|inc|lfm|lpr|lrs|lpi|lpk|sh|xml)"/>
      <ExcludeFileFilter Value="*.(bak|ppu|o|so);*~;backup"/>
    </PublishOptions>
    <RunParams>
      <local>
        <FormatVersion Value="1"/>
      </local>
    </RunParams>
    <RequiredPackages Count="9">
      <Item1>
        <PackageName Value="frce"/>
      </Item1>
      <Item2>
        <PackageName Value="pascalscada_hmi"/>
      </Item2>
      <Item3>
        <PackageName Value="lazreport"/>
        <MinVersion Minor="9" Release="8" Valid="True"/>
      </Item3>
      <Item4>
        <PackageName Value="TAChartLazarusPkg"/>
        <MinVersion Major="1" Valid="True"/>
      </Item4>
      <Item5>
        <PackageName Value="LCLBase"/>
        <MinVersion Major="1" Release="1" Valid="True"/>
      </Item5>
      <Item6>
        <PackageName Value="FCL"/>
        <MinVersion Major="1" Release="1" Valid="True"/>
      </Item6>
      <Item7>
        <PackageName Value="zcomponent"/>
        <MinVersion Major="7" Valid="True"/>
      </Item7>
      <Item8>
        <PackageName Value="pascalscada"/>
        <MinVersion Minor="7" Release="2" Valid="True"/>
      </Item8>
      <Item9>
        <PackageName Value="LCL"/>
      </Item9>
    </RequiredPackages>
    <Units Count="25">
      <Unit0>
        <Filename Value="horimetros.lpr"/>
        <IsPartOfProject Value="True"/>
        <CursorPos Y="15"/>
        <UsageCount Value="61"/>
      </Unit0>
      <Unit1>
        <Filename Value="umain.pas"/>
        <IsPartOfProject Value="True"/>
        <ComponentName Value="frmMain"/>
        <HasResources Value="True"/>
        <ResourceBaseClass Value="Form"/>
        <EditorIndex Value="3"/>
        <TopLine Value="114"/>
        <CursorPos X="60" Y="114"/>
        <UsageCount Value="61"/>
        <Loaded Value="True"/>
        <LoadedDesigner Value="True"/>
      </Unit1>
      <Unit2>
        <Filename Value="udm.pas"/>
        <IsPartOfProject Value="True"/>
        <ComponentName Value="dmtags"/>
        <HasResources Value="True"/>
        <ResourceBaseClass Value="DataModule"/>
        <TopLine Value="151"/>
        <CursorPos X="139" Y="168"/>
        <UsageCount Value="61"/>
      </Unit2>
      <Unit3>
        <Filename Value="udmdb.pas"/>
        <IsPartOfProject Value="True"/>
        <ComponentName Value="dmdb"/>
        <HasResources Value="True"/>
        <ResourceBaseClass Value="DataModule"/>
        <TopLine Value="92"/>
        <CursorPos X="16" Y="92"/>
        <UsageCount Value="61"/>
        <Bookmarks Count="1">
          <Item0 X="3" Y="181"/>
        </Bookmarks>
        <Loaded Value="True"/>
        <LoadedDesigner Value="True"/>
      </Unit3>
      <Unit4>
        <Filename Value="../pascalscada/plcnumber.pas"/>
        <UnitName Value="PLCNumber"/>
        <TopLine Value="68"/>
        <CursorPos X="14" Y="87"/>
        <UsageCount Value="9"/>
      </Unit4>
      <Unit5>
        <Filename Value="../fpcbuild251/fpcbuild/fpcsrc/packages/fcl-db/src/base/db.pas"/>
        <TopLine Value="30"/>
        <CursorPos X="41" Y="50"/>
        <UsageCount Value="11"/>
      </Unit5>
      <Unit6>
        <Filename Value="../fpcbuild251/fpcbuild/fpcsrc/packages/fcl-db/src/base/dataset.inc"/>
        <TopLine Value="2061"/>
        <CursorPos X="3" Y="2064"/>
        <UsageCount Value="9"/>
      </Unit6>
      <Unit7>
        <Filename Value="upopuphorimetro.pas"/>
        <IsPartOfProject Value="True"/>
        <ComponentName Value="frmPopup"/>
        <HasResources Value="True"/>
        <ResourceBaseClass Value="Form"/>
        <EditorIndex Value="4"/>
        <TopLine Value="25"/>
        <CursorPos X="17" Y="37"/>
        <UsageCount Value="59"/>
        <Loaded Value="True"/>
        <LoadedDesigner Value="True"/>
      </Unit7>
      <Unit8>
        <Filename Value="../pascalscada/ucrosstimer.pas"/>
        <TopLine Value="13"/>
        <CursorPos X="21" Y="25"/>
        <UsageCount Value="9"/>
      </Unit8>
      <Unit9>
        <Filename Value="../../lazarus/lcl/extctrls.pp"/>
        <UnitName Value="ExtCtrls"/>
        <TopLine Value="360"/>
        <CursorPos X="25" Y="372"/>
        <UsageCount Value="9"/>
      </Unit9>
      <Unit10>
        <Filename Value="../../lazarus/lcl/customtimer.pas"/>
        <UnitName Value="CustomTimer"/>
        <TopLine Value="31"/>
        <CursorPos X="15" Y="43"/>
        <UsageCount Value="9"/>
      </Unit10>
      <Unit11>
        <Filename Value="../../lazarus/lcl/dbgrids.pas"/>
        <UnitName Value="DBGrids"/>
        <TopLine Value="406"/>
        <CursorPos X="32" Y="256"/>
        <UsageCount Value="13"/>
      </Unit11>
      <Unit12>
        <Filename Value="../../lazarus/lcl/grids.pas"/>
        <UnitName Value="Grids"/>
        <TopLine Value="519"/>
        <CursorPos X="33" Y="543"/>
        <UsageCount Value="13"/>
      </Unit12>
      <Unit13>
        <Filename Value="../fpcbuild251/fpcbuild/fpcsrc/rtl/inc/mouseh.inc"/>
        <TopLine Value="65"/>
        <CursorPos X="11" Y="62"/>
        <UsageCount Value="11"/>
      </Unit13>
      <Unit14>
        <Filename Value="ulogin.pas"/>
        <ComponentName Value="frmLogin"/>
        <ResourceBaseClass Value="Form"/>
        <TopLine Value="13"/>
        <CursorPos X="23" Y="47"/>
        <UsageCount Value="40"/>
      </Unit14>
      <Unit15>
        <Filename Value="ugraficos.pas"/>
        <IsPartOfProject Value="True"/>
        <ComponentName Value="frmGraficos"/>
        <HasResources Value="True"/>
        <ResourceBaseClass Value="Form"/>
        <TopLine Value="46"/>
        <CursorPos X="50" Y="62"/>
        <UsageCount Value="41"/>
      </Unit15>
      <Unit16>
        <Filename Value="ufiltro.pas"/>
        <IsPartOfProject Value="True"/>
        <ComponentName Value="frmFiltro"/>
        <HasResources Value="True"/>
        <ResourceBaseClass Value="Form"/>
        <EditorIndex Value="2"/>
        <TopLine Value="8"/>
        <CursorPos X="24" Y="15"/>
        <UsageCount Value="32"/>
        <Loaded Value="True"/>
        <LoadedDesigner Value="True"/>
      </Unit16>
      <Unit17>
        <Filename Value="urelatorios.pas"/>
        <IsPartOfProject Value="True"/>
        <ComponentName Value="frmRelatorios"/>
        <HasResources Value="True"/>
        <ResourceBaseClass Value="Form"/>
        <IsVisibleTab Value="True"/>
        <EditorIndex Value="1"/>
        <CursorPos X="63" Y="8"/>
        <UsageCount Value="31"/>
        <Loaded Value="True"/>
        <LoadedDesigner Value="True"/>
      </Unit17>
      <Unit18>
        <Filename Value="../pascalscada/ZeosLib/src/component/ZAbstractRODataset.pas"/>
        <TopLine Value="1415"/>
        <CursorPos Y="1434"/>
        <UsageCount Value="11"/>
      </Unit18>
      <Unit19>
        <Filename Value="ugerenciamentousuarios.pas"/>
        <IsPartOfProject Value="True"/>
        <ComponentName Value="frmUsuarios"/>
        <ResourceBaseClass Value="Form"/>
        <UsageCount Value="29"/>
      </Unit19>
      <Unit20>
        <Filename Value="../../controlsecuritymanager.pas"/>
        <UnitName Value="ControlSecurityManager"/>
        <TopLine Value="149"/>
        <CursorPos X="3" Y="151"/>
        <UsageCount Value="11"/>
        <DefaultSyntaxHighlighter Value="Delphi"/>
      </Unit20>
      <Unit21>
        <Filename Value="../../customizedusermanagement.pas"/>
        <UnitName Value="CustomizedUserManagement"/>
        <CursorPos X="78" Y="13"/>
        <UsageCount Value="10"/>
        <DefaultSyntaxHighlighter Value="Delphi"/>
      </Unit21>
      <Unit22>
        <Filename Value="../../../../lazarus/lcl/include/containedaction.inc"/>
        <TopLine Value="41"/>
        <CursorPos Y="53"/>
        <UsageCount Value="10"/>
      </Unit22>
      <Unit23>
        <Filename Value="../../zeoslib/src/dbc/ZDbcSqLiteUtils.pas"/>
        <TopLine Value="248"/>
        <CursorPos X="13" Y="258"/>
        <UsageCount Value="10"/>
        <DefaultSyntaxHighlighter Value="Delphi"/>
      </Unit23>
      <Unit24>
        <Filename Value="../../zeoslib/src/component/ZAbstractRODataset.pas"/>
        <EditorIndex Value="5"/>
        <TopLine Value="1839"/>
        <CursorPos Y="1855"/>
        <UsageCount Value="10"/>
        <Loaded Value="True"/>
        <DefaultSyntaxHighlighter Value="Delphi"/>
      </Unit24>
    </Units>
    <JumpHistory Count="17" HistoryIndex="16">
      <Position1>
        <Filename Value="umain.pas"/>
        <Caret Line="298" Column="3" TopLine="298"/>
      </Position1>
      <Position2>
        <Filename Value="umain.pas"/>
        <Caret Line="123" Column="39" TopLine="115"/>
      </Position2>
      <Position3>
        <Filename Value="umain.pas"/>
        <Caret Line="132" Column="3" TopLine="120"/>
      </Position3>
      <Position4>
        <Filename Value="umain.pas"/>
        <Caret Line="269" Column="17" TopLine="257"/>
      </Position4>
      <Position5>
        <Filename Value="umain.pas"/>
        <Caret Line="311" TopLine="302"/>
      </Position5>
      <Position6>
        <Filename Value="umain.pas"/>
        <Caret Line="281" TopLine="259"/>
      </Position6>
      <Position7>
        <Filename Value="umain.pas"/>
        <Caret Line="326" TopLine="268"/>
      </Position7>
      <Position8>
        <Filename Value="umain.pas"/>
        <Caret Line="350" Column="5" TopLine="295"/>
      </Position8>
      <Position9>
        <Filename Value="umain.pas"/>
        <Caret Line="94" Column="44" TopLine="64"/>
      </Position9>
      <Position10>
        <Filename Value="umain.pas"/>
        <Caret Column="48"/>
      </Position10>
      <Position11>
        <Filename Value="umain.pas"/>
        <Caret Line="106" Column="74" TopLine="105"/>
      </Position11>
      <Position12>
        <Filename Value="umain.pas"/>
        <Caret Line="106" Column="35" TopLine="94"/>
      </Position12>
      <Position13>
        <Filename Value="umain.pas"/>
      </Position13>
      <Position14>
        <Filename Value="upopuphorimetro.pas"/>
        <Caret Line="37" Column="17" TopLine="25"/>
      </Position14>
      <Position15>
        <Filename Value="udmdb.pas"/>
        <Caret Line="87" TopLine="76"/>
      </Position15>
      <Position16>
        <Filename Value="../../zeoslib/src/component/ZAbstractRODataset.pas"/>
        <Caret Line="1855" TopLine="1839"/>
      </Position16>
      <Position17>
        <Filename Value="udmdb.pas"/>
        <Caret Line="92" Column="16" TopLine="92"/>
      </Position17>
    </JumpHistory>
  </ProjectOptions>
  <CompilerOptions>
    <Version Value="11"/>
    <Target>
      <Filename Value="horimetros"/>
    </Target>
    <SearchPaths>
      <IncludeFiles Value="$(ProjOutDir)"/>
      <UnitOutputDirectory Value="lib/$(TargetCPU)-$(TargetOS)"/>
    </SearchPaths>
    <Linking>
      <Options>
        <Win32>
          <GraphicApplication Value="True"/>
        </Win32>
      </Options>
    </Linking>
  </CompilerOptions>
  <Debugging>
    <Exceptions Count="4">
      <Item1>
        <Name Value="EAbort"/>
      </Item1>
      <Item2>
        <Name Value="ECodetoolError"/>
      </Item2>
      <Item3>
        <Name Value="EFOpenError"/>
      </Item3>
      <Item4>
        <Name Value="Exception"/>
      </Item4>
    </Exceptions>
  </Debugging>
</CONFIG>
