<?xml version="1.0"?>
<CONFIG>
  <ProjectOptions>
    <Version Value="9"/>
    <General>
      <MainUnit Value="0"/>
      <UseXPManifest Value="True"/>
      <Icon Value="0"/>
      <ActiveWindowIndexAtStart Value="0"/>
    </General>
    <VersionInfo>
      <Language Value=""/>
      <CharSet Value=""/>
      <StringTable ProductVersion=""/>
    </VersionInfo>
    <BuildModes Count="1">
      <Item1 Name="default" Default="True"/>
    </BuildModes>
    <PublishOptions>
      <Version Value="2"/>
      <IgnoreBinaries Value="False"/>
      <IncludeFileFilter Value="*.(pas|pp|inc|lfm|lpr|lrs|lpi|lpk|sh|xml)"/>
      <ExcludeFileFilter Value="*.(bak|ppu|ppw|o|so);*~;backup"/>
    </PublishOptions>
    <RunParams>
      <local>
        <FormatVersion Value="1"/>
        <LaunchingApplication PathPlusParams="/usr/X11R6/bin/xterm -T 'Lazarus Run Output' -e $(LazarusDir)/tools/runwait.sh $(TargetCmdLine)"/>
      </local>
    </RunParams>
    <RequiredPackages Count="2">
      <Item1>
        <PackageName Value="pascalscada"/>
        <MinVersion Minor="7" Valid="True"/>
      </Item1>
      <Item2>
        <PackageName Value="LCL"/>
      </Item2>
    </RequiredPackages>
    <Units Count="16">
      <Unit0>
        <Filename Value="ats48_start_stop.lpr"/>
        <IsPartOfProject Value="True"/>
        <UnitName Value="ats48_start_stop"/>
        <UsageCount Value="28"/>
      </Unit0>
      <Unit1>
        <Filename Value="main.pas"/>
        <IsPartOfProject Value="True"/>
        <ComponentName Value="Form1"/>
        <HasResources Value="True"/>
        <ResourceBaseClass Value="Form"/>
        <UnitName Value="main"/>
        <IsVisibleTab Value="True"/>
        <EditorIndex Value="0"/>
        <WindowIndex Value="0"/>
        <TopLine Value="72"/>
        <CursorPos X="86" Y="96"/>
        <UsageCount Value="28"/>
        <Loaded Value="True"/>
        <LoadedDesigner Value="True"/>
      </Unit1>
      <Unit2>
        <Filename Value="../../ZeosLib/src/plain/ZPlainLoader.pas"/>
        <UnitName Value="ZPlainLoader"/>
        <TopLine Value="1"/>
        <CursorPos X="1" Y="1"/>
        <SyntaxHighlighter Value="Delphi"/>
        <UsageCount Value="10"/>
      </Unit2>
      <Unit3>
        <Filename Value="../../ZeosLib/src/plain/ZPlainFirebird21.pas"/>
        <UnitName Value="ZPlainFirebird21"/>
        <TopLine Value="277"/>
        <CursorPos X="19" Y="14"/>
        <SyntaxHighlighter Value="Delphi"/>
        <UsageCount Value="10"/>
      </Unit3>
      <Unit4>
        <Filename Value="../westasciidriver.pas"/>
        <UnitName Value="WestASCIIDriver"/>
        <WindowIndex Value="0"/>
        <TopLine Value="323"/>
        <CursorPos X="2" Y="349"/>
        <SyntaxHighlighter Value="Delphi"/>
        <UsageCount Value="14"/>
        <Bookmarks Count="1">
          <Item0 X="69" Y="284" ID="0"/>
        </Bookmarks>
      </Unit4>
      <Unit5>
        <Filename Value="../commport.pas"/>
        <UnitName Value="CommPort"/>
        <TopLine Value="1"/>
        <CursorPos X="1" Y="1"/>
        <SyntaxHighlighter Value="Delphi"/>
        <UsageCount Value="12"/>
      </Unit5>
      <Unit6>
        <Filename Value="../../fpcbuild/fpcsrc/rtl/inc/systemh.inc"/>
        <TopLine Value="893"/>
        <CursorPos X="10" Y="912"/>
        <UsageCount Value="10"/>
      </Unit6>
      <Unit7>
        <Filename Value="../../fpcbuild/fpcsrc/rtl/i386/i386.inc"/>
        <TopLine Value="1251"/>
        <CursorPos X="10" Y="1270"/>
        <UsageCount Value="10"/>
      </Unit7>
      <Unit8>
        <Filename Value="../modbusmasterdriver.pas"/>
        <UnitName Value="ModBusMasterDriver"/>
        <TopLine Value="959"/>
        <CursorPos X="1" Y="985"/>
        <SyntaxHighlighter Value="Delphi"/>
        <UsageCount Value="13"/>
      </Unit8>
      <Unit9>
        <Filename Value="../../fpcbuild/fpcsrc/packages/fcl-base/src/syncobjs.pp"/>
        <UnitName Value="syncobjs"/>
        <TopLine Value="1"/>
        <CursorPos X="1" Y="1"/>
        <UsageCount Value="11"/>
      </Unit9>
      <Unit10>
        <Filename Value="../../fpcbuild/fpcsrc/rtl/inc/threadh.inc"/>
        <TopLine Value="1"/>
        <CursorPos X="1" Y="1"/>
        <UsageCount Value="11"/>
      </Unit10>
      <Unit11>
        <Filename Value="../../fpcbuild/fpcsrc/rtl/inc/thread.inc"/>
        <TopLine Value="1"/>
        <CursorPos X="1" Y="1"/>
        <UsageCount Value="11"/>
      </Unit11>
      <Unit12>
        <Filename Value="../../fpcbuild/fpcsrc/rtl/unix/cthreads.pp"/>
        <UnitName Value="cthreads"/>
        <TopLine Value="1"/>
        <CursorPos X="1" Y="1"/>
        <UsageCount Value="11"/>
      </Unit12>
      <Unit13>
        <Filename Value="../protocoltypes.pas"/>
        <UnitName Value="ProtocolTypes"/>
        <TopLine Value="1"/>
        <CursorPos X="1" Y="1"/>
        <SyntaxHighlighter Value="Delphi"/>
        <UsageCount Value="11"/>
      </Unit13>
      <Unit14>
        <Filename Value="main.lfm"/>
        <WindowIndex Value="0"/>
        <TopLine Value="1"/>
        <CursorPos X="1" Y="1"/>
        <UsageCount Value="10"/>
        <DefaultSyntaxHighlighter Value="LFM"/>
      </Unit14>
      <Unit15>
        <Filename Value="../protocoldriver.pas"/>
        <UnitName Value="ProtocolDriver"/>
        <TopLine Value="62"/>
        <CursorPos X="3" Y="88"/>
        <SyntaxHighlighter Value="Delphi"/>
        <UsageCount Value="12"/>
      </Unit15>
    </Units>
    <JumpHistory Count="5" HistoryIndex="4">
      <Position1>
        <Filename Value="main.pas"/>
        <Caret Line="72" Column="8" TopLine="59"/>
      </Position1>
      <Position2>
        <Filename Value="main.pas"/>
        <Caret Line="55" Column="17" TopLine="49"/>
      </Position2>
      <Position3>
        <Filename Value="main.pas"/>
        <Caret Line="9" Column="27" TopLine="1"/>
      </Position3>
      <Position4>
        <Filename Value="main.pas"/>
        <Caret Line="23" Column="55" TopLine="24"/>
      </Position4>
      <Position5>
        <Filename Value="main.pas"/>
        <Caret Line="98" Column="36" TopLine="67"/>
      </Position5>
    </JumpHistory>
  </ProjectOptions>
  <CompilerOptions>
    <Version Value="11"/>
    <SearchPaths>
      <IncludeFiles Value="$(ProjOutDir)"/>
    </SearchPaths>
    <Parsing>
      <SyntaxOptions>
        <UseAnsiStrings Value="False"/>
      </SyntaxOptions>
    </Parsing>
    <Linking>
      <Options>
        <Win32>
          <GraphicApplication Value="True"/>
        </Win32>
      </Options>
    </Linking>
    <Other>
      <CompilerPath Value="$(CompPath)"/>
    </Other>
  </CompilerOptions>
  <Debugging>
    <Exceptions Count="3">
      <Item1>
        <Name Value="EAbort"/>
      </Item1>
      <Item2>
        <Name Value="ECodetoolError"/>
      </Item2>
      <Item3>
        <Name Value="EFOpenError"/>
      </Item3>
    </Exceptions>
  </Debugging>
  <EditorMacros Count="0"/>
</CONFIG>
