<?xml version="1.0"?>
<CONFIG>
  <ProjectOptions>
    <Version Value="7"/>
    <General>
      <MainUnit Value="0"/>
      <TargetFileExt Value=""/>
      <UseXPManifest Value="True"/>
      <Icon Value="0"/>
      <ActiveWindowIndexAtStart Value="0"/>
    </General>
    <VersionInfo>
      <Language Value=""/>
      <CharSet Value=""/>
      <StringTable Comments="" CompanyName="" FileDescription="" FileVersion="0.0.0.0" InternalName="" LegalCopyright="" LegalTrademarks="" OriginalFilename="" ProductName="" ProductVersion="0.0.0.0"/>
    </VersionInfo>
    <PublishOptions>
      <Version Value="2"/>
      <IgnoreBinaries Value="False"/>
      <IncludeFileFilter Value="*.(pas|pp|inc|lfm|lpr|lrs|lpi|lpk|sh|xml)"/>
      <ExcludeFileFilter Value="*.(bak|ppu|ppw|o|so);*~;backup"/>
    </PublishOptions>
    <RunParams>
      <local>
        <FormatVersion Value="1"/>
        <LaunchingApplication PathPlusParams="/usr/X11R6/bin/xterm -T 'Lazarus Run Output' -e $(LazarusDir)/tools/runwait.sh $(TargetCmdLine)"/>
      </local>
    </RunParams>
    <RequiredPackages Count="2">
      <Item1>
        <PackageName Value="scada"/>
        <MinVersion Minor="6" Release="4" Valid="True"/>
      </Item1>
      <Item2>
        <PackageName Value="LCL"/>
      </Item2>
    </RequiredPackages>
    <Units Count="32">
      <Unit0>
        <Filename Value="project1.lpr"/>
        <IsPartOfProject Value="True"/>
        <UnitName Value="project1"/>
        <WindowIndex Value="0"/>
        <TopLine Value="1"/>
        <CursorPos X="31" Y="15"/>
        <UsageCount Value="71"/>
      </Unit0>
      <Unit1>
        <Filename Value="unit1.pas"/>
        <IsPartOfProject Value="True"/>
        <ComponentName Value="Form1"/>
        <ResourceBaseClass Value="Form"/>
        <UnitName Value="Unit1"/>
        <EditorIndex Value="0"/>
        <WindowIndex Value="0"/>
        <TopLine Value="52"/>
        <CursorPos X="7" Y="64"/>
        <UsageCount Value="71"/>
        <Loaded Value="True"/>
      </Unit1>
      <Unit2>
        <Filename Value="../../plctagnumber.pas"/>
        <UnitName Value="PLCTagNumber"/>
        <EditorIndex Value="3"/>
        <WindowIndex Value="0"/>
        <TopLine Value="100"/>
        <CursorPos X="11" Y="101"/>
        <UsageCount Value="25"/>
        <Loaded Value="True"/>
        <DefaultSyntaxHighlighter Value="Delphi"/>
      </Unit2>
      <Unit3>
        <Filename Value="../../plcnumber.pas"/>
        <UnitName Value="PLCNumber"/>
        <EditorIndex Value="5"/>
        <WindowIndex Value="0"/>
        <TopLine Value="30"/>
        <CursorPos X="26" Y="21"/>
        <UsageCount Value="10"/>
        <Loaded Value="True"/>
        <DefaultSyntaxHighlighter Value="Delphi"/>
      </Unit3>
      <Unit4>
        <Filename Value="../../plctag.pas"/>
        <UnitName Value="PLCTag"/>
        <IsVisibleTab Value="True"/>
        <EditorIndex Value="2"/>
        <WindowIndex Value="0"/>
        <TopLine Value="1081"/>
        <CursorPos X="1" Y="1106"/>
        <UsageCount Value="32"/>
        <Loaded Value="True"/>
        <DefaultSyntaxHighlighter Value="Delphi"/>
      </Unit4>
      <Unit5>
        <Filename Value="../../protocoldriver.pas"/>
        <UnitName Value="ProtocolDriver"/>
        <WindowIndex Value="0"/>
        <TopLine Value="684"/>
        <CursorPos X="30" Y="691"/>
        <UsageCount Value="17"/>
        <DefaultSyntaxHighlighter Value="Delphi"/>
      </Unit5>
      <Unit6>
        <Filename Value="../../modbustcp.pas"/>
        <UnitName Value="ModBusTCP"/>
        <TopLine Value="1"/>
        <CursorPos X="10" Y="18"/>
        <UsageCount Value="8"/>
        <DefaultSyntaxHighlighter Value="Delphi"/>
      </Unit6>
      <Unit7>
        <Filename Value="../../modbusdriver.pas"/>
        <UnitName Value="ModBusDriver"/>
        <WindowIndex Value="0"/>
        <TopLine Value="833"/>
        <CursorPos X="1" Y="852"/>
        <UsageCount Value="16"/>
        <DefaultSyntaxHighlighter Value="Delphi"/>
      </Unit7>
      <Unit8>
        <Filename Value="../../plcblock.pas"/>
        <UnitName Value="PLCBlock"/>
        <WindowIndex Value="0"/>
        <TopLine Value="99"/>
        <CursorPos X="1" Y="106"/>
        <UsageCount Value="30"/>
        <DefaultSyntaxHighlighter Value="Delphi"/>
      </Unit8>
      <Unit9>
        <Filename Value="../../tagblock.pas"/>
        <UnitName Value="TagBlock"/>
        <WindowIndex Value="0"/>
        <TopLine Value="90"/>
        <CursorPos X="1" Y="97"/>
        <UsageCount Value="23"/>
        <DefaultSyntaxHighlighter Value="Delphi"/>
      </Unit9>
      <Unit10>
        <Filename Value="../../protocoltypes.pas"/>
        <UnitName Value="ProtocolTypes"/>
        <WindowIndex Value="0"/>
        <TopLine Value="134"/>
        <CursorPos X="15" Y="141"/>
        <UsageCount Value="18"/>
        <DefaultSyntaxHighlighter Value="Delphi"/>
      </Unit10>
      <Unit11>
        <Filename Value="../../protscanupdate.pas"/>
        <UnitName Value="protscanupdate"/>
        <WindowIndex Value="0"/>
        <TopLine Value="230"/>
        <CursorPos X="1" Y="253"/>
        <UsageCount Value="11"/>
        <DefaultSyntaxHighlighter Value="Delphi"/>
      </Unit11>
      <Unit12>
        <Filename Value="../../plcblockelement.pas"/>
        <UnitName Value="PLCBlockElement"/>
        <WindowIndex Value="0"/>
        <TopLine Value="185"/>
        <CursorPos X="17" Y="192"/>
        <UsageCount Value="27"/>
        <DefaultSyntaxHighlighter Value="Delphi"/>
      </Unit12>
      <Unit13>
        <Filename Value="../../protscan.pas"/>
        <UnitName Value="protscan"/>
        <WindowIndex Value="0"/>
        <TopLine Value="160"/>
        <CursorPos X="34" Y="167"/>
        <UsageCount Value="10"/>
        <DefaultSyntaxHighlighter Value="Delphi"/>
      </Unit13>
      <Unit14>
        <Filename Value="../../hmiedit.pas"/>
        <UnitName Value="HMIEdit"/>
        <WindowIndex Value="0"/>
        <TopLine Value="347"/>
        <CursorPos X="11" Y="354"/>
        <UsageCount Value="9"/>
        <DefaultSyntaxHighlighter Value="Delphi"/>
      </Unit14>
      <Unit15>
        <Filename Value="../../hmitrackbar.pas"/>
        <UnitName Value="HMITrackBar"/>
        <WindowIndex Value="0"/>
        <TopLine Value="98"/>
        <CursorPos X="24" Y="101"/>
        <UsageCount Value="9"/>
        <DefaultSyntaxHighlighter Value="Delphi"/>
      </Unit15>
      <Unit16>
        <Filename Value="unit1.lfm"/>
        <WindowIndex Value="0"/>
        <TopLine Value="170"/>
        <CursorPos X="17" Y="188"/>
        <UsageCount Value="9"/>
        <DefaultSyntaxHighlighter Value="LFM"/>
      </Unit16>
      <Unit17>
        <Filename Value="../../hmiscrollbar.pas"/>
        <UnitName Value="HMIScrollBar"/>
        <WindowIndex Value="0"/>
        <TopLine Value="69"/>
        <CursorPos X="21" Y="94"/>
        <UsageCount Value="9"/>
        <DefaultSyntaxHighlighter Value="Delphi"/>
      </Unit17>
      <Unit18>
        <Filename Value="../../s7family.pas"/>
        <UnitName Value="s7family"/>
        <WindowIndex Value="0"/>
        <TopLine Value="535"/>
        <CursorPos X="3" Y="542"/>
        <UsageCount Value="13"/>
        <DefaultSyntaxHighlighter Value="Delphi"/>
      </Unit18>
      <Unit19>
        <Filename Value="../../modbusserial.pas"/>
        <UnitName Value="ModBusSerial"/>
        <WindowIndex Value="0"/>
        <TopLine Value="207"/>
        <CursorPos X="3" Y="214"/>
        <UsageCount Value="9"/>
        <DefaultSyntaxHighlighter Value="Delphi"/>
      </Unit19>
      <Unit20>
        <Filename Value="../../s7types.pas"/>
        <UnitName Value="S7Types"/>
        <WindowIndex Value="0"/>
        <TopLine Value="65"/>
        <CursorPos X="5" Y="72"/>
        <UsageCount Value="12"/>
        <DefaultSyntaxHighlighter Value="Delphi"/>
      </Unit20>
      <Unit21>
        <Filename Value="../../tagcollection.pas"/>
        <UnitName Value="tagcollection"/>
        <WindowIndex Value="0"/>
        <TopLine Value="167"/>
        <CursorPos X="3" Y="174"/>
        <UsageCount Value="12"/>
        <DefaultSyntaxHighlighter Value="Delphi"/>
      </Unit21>
      <Unit22>
        <Filename Value="../../tag.pas"/>
        <UnitName Value="Tag"/>
        <EditorIndex Value="1"/>
        <WindowIndex Value="0"/>
        <TopLine Value="188"/>
        <CursorPos X="14" Y="200"/>
        <UsageCount Value="17"/>
        <Loaded Value="True"/>
        <DefaultSyntaxHighlighter Value="Delphi"/>
      </Unit22>
      <Unit23>
        <Filename Value="../../hsstrings.pas"/>
        <UnitName Value="hsstrings"/>
        <EditorIndex Value="4"/>
        <WindowIndex Value="0"/>
        <TopLine Value="54"/>
        <CursorPos X="22" Y="75"/>
        <UsageCount Value="11"/>
        <Loaded Value="True"/>
        <DefaultSyntaxHighlighter Value="Delphi"/>
      </Unit23>
      <Unit24>
        <Filename Value="../../plcstruct.pas"/>
        <UnitName Value="PLCStruct"/>
        <WindowIndex Value="0"/>
        <TopLine Value="32"/>
        <CursorPos X="25" Y="41"/>
        <UsageCount Value="16"/>
        <DefaultSyntaxHighlighter Value="Delphi"/>
      </Unit24>
      <Unit25>
        <Filename Value="../../scada.pas"/>
        <UnitName Value="scada"/>
        <WindowIndex Value="0"/>
        <TopLine Value="1"/>
        <CursorPos X="1" Y="26"/>
        <UsageCount Value="9"/>
        <DefaultSyntaxHighlighter Value="Delphi"/>
      </Unit25>
      <Unit26>
        <Filename Value="../../plcstructelement.pas"/>
        <UnitName Value="PLCStructElement"/>
        <WindowIndex Value="0"/>
        <TopLine Value="131"/>
        <CursorPos X="22" Y="141"/>
        <UsageCount Value="16"/>
        <DefaultSyntaxHighlighter Value="Delphi"/>
      </Unit26>
      <Unit27>
        <Filename Value="../../scadareg.pas"/>
        <UnitName Value="scadareg"/>
        <WindowIndex Value="0"/>
        <TopLine Value="39"/>
        <CursorPos X="58" Y="50"/>
        <UsageCount Value="9"/>
        <DefaultSyntaxHighlighter Value="Delphi"/>
      </Unit27>
      <Unit28>
        <Filename Value="../../../../lazarus/lcl/interfaces/gtk2/gtk2widgetset.inc"/>
        <WindowIndex Value="0"/>
        <TopLine Value="1841"/>
        <CursorPos X="1" Y="1855"/>
        <UsageCount Value="9"/>
      </Unit28>
      <Unit29>
        <Filename Value="../../../../lazarus/lcl/include/control.inc"/>
        <WindowIndex Value="0"/>
        <TopLine Value="3149"/>
        <CursorPos X="1" Y="3163"/>
        <UsageCount Value="9"/>
      </Unit29>
      <Unit30>
        <Filename Value="../../../fpcbuild251/fpcbuild/fpcsrc/rtl/objpas/classes/classesh.inc"/>
        <WindowIndex Value="0"/>
        <TopLine Value="1596"/>
        <CursorPos X="15" Y="1603"/>
        <UsageCount Value="10"/>
      </Unit30>
      <Unit31>
        <Filename Value="../../../fortes4lazarus/trunk/rlreport.pas"/>
        <UnitName Value="RLReport"/>
        <WindowIndex Value="0"/>
        <TopLine Value="10765"/>
        <CursorPos X="44" Y="10778"/>
        <UsageCount Value="10"/>
      </Unit31>
    </Units>
    <JumpHistory Count="30" HistoryIndex="29">
      <Position1>
        <Filename Value="../../plctag.pas"/>
        <Caret Line="328" Column="47" TopLine="295"/>
      </Position1>
      <Position2>
        <Filename Value="../../plctag.pas"/>
        <Caret Line="319" Column="1" TopLine="298"/>
      </Position2>
      <Position3>
        <Filename Value="../../plctag.pas"/>
        <Caret Line="1073" Column="1" TopLine="1060"/>
      </Position3>
      <Position4>
        <Filename Value="../../plctag.pas"/>
        <Caret Line="1074" Column="1" TopLine="1060"/>
      </Position4>
      <Position5>
        <Filename Value="../../plctag.pas"/>
        <Caret Line="1083" Column="1" TopLine="1062"/>
      </Position5>
      <Position6>
        <Filename Value="../../plctag.pas"/>
        <Caret Line="1084" Column="1" TopLine="1063"/>
      </Position6>
      <Position7>
        <Filename Value="../../plctag.pas"/>
        <Caret Line="1085" Column="1" TopLine="1064"/>
      </Position7>
      <Position8>
        <Filename Value="../../plctag.pas"/>
        <Caret Line="319" Column="1" TopLine="306"/>
      </Position8>
      <Position9>
        <Filename Value="../../plctag.pas"/>
        <Caret Line="1073" Column="1" TopLine="1060"/>
      </Position9>
      <Position10>
        <Filename Value="../../plctag.pas"/>
        <Caret Line="1074" Column="1" TopLine="1060"/>
      </Position10>
      <Position11>
        <Filename Value="../../plctag.pas"/>
        <Caret Line="1075" Column="1" TopLine="1060"/>
      </Position11>
      <Position12>
        <Filename Value="../../plctag.pas"/>
        <Caret Line="1076" Column="1" TopLine="1060"/>
      </Position12>
      <Position13>
        <Filename Value="../../plctag.pas"/>
        <Caret Line="1074" Column="1" TopLine="1060"/>
      </Position13>
      <Position14>
        <Filename Value="../../plctag.pas"/>
        <Caret Line="1083" Column="1" TopLine="1062"/>
      </Position14>
      <Position15>
        <Filename Value="../../plctag.pas"/>
        <Caret Line="319" Column="1" TopLine="306"/>
      </Position15>
      <Position16>
        <Filename Value="../../plctag.pas"/>
        <Caret Line="1073" Column="1" TopLine="1060"/>
      </Position16>
      <Position17>
        <Filename Value="../../plctag.pas"/>
        <Caret Line="1074" Column="1" TopLine="1060"/>
      </Position17>
      <Position18>
        <Filename Value="../../plctag.pas"/>
        <Caret Line="1075" Column="1" TopLine="1060"/>
      </Position18>
      <Position19>
        <Filename Value="../../plctag.pas"/>
        <Caret Line="1076" Column="1" TopLine="1060"/>
      </Position19>
      <Position20>
        <Filename Value="../../plctag.pas"/>
        <Caret Line="1074" Column="1" TopLine="1060"/>
      </Position20>
      <Position21>
        <Filename Value="../../plctag.pas"/>
        <Caret Line="1075" Column="1" TopLine="1060"/>
      </Position21>
      <Position22>
        <Filename Value="../../plctag.pas"/>
        <Caret Line="1076" Column="1" TopLine="1060"/>
      </Position22>
      <Position23>
        <Filename Value="../../plctag.pas"/>
        <Caret Line="1074" Column="1" TopLine="1060"/>
      </Position23>
      <Position24>
        <Filename Value="../../plctag.pas"/>
        <Caret Line="1083" Column="1" TopLine="1062"/>
      </Position24>
      <Position25>
        <Filename Value="../../plctag.pas"/>
        <Caret Line="319" Column="6" TopLine="306"/>
      </Position25>
      <Position26>
        <Filename Value="../../plctag.pas"/>
        <Caret Line="573" Column="18" TopLine="567"/>
      </Position26>
      <Position27>
        <Filename Value="../../plctag.pas"/>
        <Caret Line="317" Column="1" TopLine="304"/>
      </Position27>
      <Position28>
        <Filename Value="unit1.pas"/>
        <Caret Line="59" Column="21" TopLine="52"/>
      </Position28>
      <Position29>
        <Filename Value="unit1.pas"/>
        <Caret Line="60" Column="21" TopLine="52"/>
      </Position29>
      <Position30>
        <Filename Value="unit1.pas"/>
        <Caret Line="59" Column="21" TopLine="52"/>
      </Position30>
    </JumpHistory>
  </ProjectOptions>
  <CompilerOptions>
    <Version Value="8"/>
    <Target>
      <Filename Value="project1"/>
    </Target>
    <SearchPaths>
      <IncludeFiles Value="$(ProjOutDir)/"/>
      <UnitOutputDirectory Value="lib/$(TargetCPU)-$(TargetOS)"/>
    </SearchPaths>
    <Parsing>
      <SyntaxOptions>
        <UseAnsiStrings Value="True"/>
      </SyntaxOptions>
    </Parsing>
    <Linking>
      <Options>
        <Win32>
          <GraphicApplication Value="True"/>
        </Win32>
      </Options>
    </Linking>
    <Other>
      <CompilerPath Value="$(CompPath)"/>
    </Other>
  </CompilerOptions>
  <Debugging>
    <BreakPoints Count="1">
      <Item1>
        <Source Value="../../plcstructelement.pas"/>
        <Line Value="96"/>
      </Item1>
    </BreakPoints>
    <Watches Count="1">
      <Item1>
        <Expression Value="blkvalues[c]"/>
      </Item1>
    </Watches>
    <Exceptions Count="3">
      <Item1>
        <Name Value="EAbort"/>
      </Item1>
      <Item2>
        <Name Value="ECodetoolError"/>
      </Item2>
      <Item3>
        <Name Value="EFOpenError"/>
      </Item3>
    </Exceptions>
  </Debugging>
</CONFIG>