<?xml version="1.0"?>
<CONFIG>
  <ProjectOptions>
    <Version Value="9"/>
    <General>
      <MainUnit Value="0"/>
      <UseXPManifest Value="True"/>
      <Icon Value="0"/>
    </General>
    <VersionInfo>
      <Language Value=""/>
      <CharSet Value=""/>
    </VersionInfo>
    <BuildModes Count="1">
      <Item1 Name="default" Default="True"/>
    </BuildModes>
    <PublishOptions>
      <Version Value="2"/>
      <IgnoreBinaries Value="False"/>
      <IncludeFileFilter Value="*.(pas|pp|inc|lfm|lpr|lrs|lpi|lpk|sh|xml)"/>
      <ExcludeFileFilter Value="*.(bak|ppu|ppw|o|so);*~;backup"/>
    </PublishOptions>
    <RunParams>
      <local>
        <FormatVersion Value="1"/>
        <LaunchingApplication PathPlusParams="/usr/X11R6/bin/xterm -T 'Lazarus Run Output' -e $(LazarusDir)/tools/runwait.sh $(TargetCmdLine)"/>
      </local>
    </RunParams>
    <RequiredPackages Count="2">
      <Item1>
        <PackageName Value="pascalscada"/>
        <MinVersion Minor="7" Valid="True"/>
      </Item1>
      <Item2>
        <PackageName Value="LCL"/>
      </Item2>
    </RequiredPackages>
    <Units Count="34">
      <Unit0>
        <Filename Value="project1.lpr"/>
        <IsPartOfProject Value="True"/>
        <UnitName Value="project1"/>
        <WindowIndex Value="0"/>
        <TopLine Value="1"/>
        <CursorPos X="31" Y="15"/>
        <UsageCount Value="75"/>
      </Unit0>
      <Unit1>
        <Filename Value="unit1.pas"/>
        <IsPartOfProject Value="True"/>
        <ComponentName Value="Form1"/>
        <ResourceBaseClass Value="Form"/>
        <UnitName Value="Unit1"/>
        <WindowIndex Value="0"/>
        <TopLine Value="53"/>
        <CursorPos X="7" Y="64"/>
        <UsageCount Value="75"/>
      </Unit1>
      <Unit2>
        <Filename Value="../../plctagnumber.pas"/>
        <UnitName Value="PLCTagNumber"/>
        <WindowIndex Value="0"/>
        <TopLine Value="100"/>
        <CursorPos X="11" Y="101"/>
        <UsageCount Value="25"/>
        <DefaultSyntaxHighlighter Value="Delphi"/>
      </Unit2>
      <Unit3>
        <Filename Value="../../plcnumber.pas"/>
        <UnitName Value="PLCNumber"/>
        <WindowIndex Value="0"/>
        <TopLine Value="21"/>
        <CursorPos X="26" Y="21"/>
        <UsageCount Value="10"/>
        <DefaultSyntaxHighlighter Value="Delphi"/>
      </Unit3>
      <Unit4>
        <Filename Value="../../plctag.pas"/>
        <UnitName Value="PLCTag"/>
        <WindowIndex Value="0"/>
        <TopLine Value="582"/>
        <CursorPos X="1" Y="587"/>
        <UsageCount Value="33"/>
        <DefaultSyntaxHighlighter Value="Delphi"/>
      </Unit4>
      <Unit5>
        <Filename Value="../../protocoldriver.pas"/>
        <UnitName Value="ProtocolDriver"/>
        <WindowIndex Value="0"/>
        <TopLine Value="684"/>
        <CursorPos X="30" Y="691"/>
        <UsageCount Value="17"/>
        <DefaultSyntaxHighlighter Value="Delphi"/>
      </Unit5>
      <Unit6>
        <Filename Value="../../modbustcp.pas"/>
        <UnitName Value="ModBusTCP"/>
        <TopLine Value="1"/>
        <CursorPos X="10" Y="18"/>
        <UsageCount Value="8"/>
        <DefaultSyntaxHighlighter Value="Delphi"/>
      </Unit6>
      <Unit7>
        <Filename Value="../../modbusdriver.pas"/>
        <UnitName Value="ModBusDriver"/>
        <WindowIndex Value="0"/>
        <TopLine Value="833"/>
        <CursorPos X="1" Y="852"/>
        <UsageCount Value="16"/>
        <DefaultSyntaxHighlighter Value="Delphi"/>
      </Unit7>
      <Unit8>
        <Filename Value="../../plcblock.pas"/>
        <UnitName Value="PLCBlock"/>
        <WindowIndex Value="0"/>
        <TopLine Value="99"/>
        <CursorPos X="1" Y="106"/>
        <UsageCount Value="30"/>
        <DefaultSyntaxHighlighter Value="Delphi"/>
      </Unit8>
      <Unit9>
        <Filename Value="../../tagblock.pas"/>
        <UnitName Value="TagBlock"/>
        <WindowIndex Value="0"/>
        <TopLine Value="90"/>
        <CursorPos X="1" Y="97"/>
        <UsageCount Value="23"/>
        <DefaultSyntaxHighlighter Value="Delphi"/>
      </Unit9>
      <Unit10>
        <Filename Value="../../protocoltypes.pas"/>
        <UnitName Value="ProtocolTypes"/>
        <WindowIndex Value="0"/>
        <TopLine Value="134"/>
        <CursorPos X="15" Y="141"/>
        <UsageCount Value="18"/>
        <DefaultSyntaxHighlighter Value="Delphi"/>
      </Unit10>
      <Unit11>
        <Filename Value="../../protscanupdate.pas"/>
        <UnitName Value="protscanupdate"/>
        <WindowIndex Value="0"/>
        <TopLine Value="230"/>
        <CursorPos X="1" Y="253"/>
        <UsageCount Value="11"/>
        <DefaultSyntaxHighlighter Value="Delphi"/>
      </Unit11>
      <Unit12>
        <Filename Value="../../plcblockelement.pas"/>
        <UnitName Value="PLCBlockElement"/>
        <WindowIndex Value="0"/>
        <TopLine Value="154"/>
        <CursorPos X="24" Y="172"/>
        <UsageCount Value="28"/>
        <DefaultSyntaxHighlighter Value="Delphi"/>
      </Unit12>
      <Unit13>
        <Filename Value="../../protscan.pas"/>
        <UnitName Value="protscan"/>
        <WindowIndex Value="0"/>
        <TopLine Value="160"/>
        <CursorPos X="34" Y="167"/>
        <UsageCount Value="10"/>
        <DefaultSyntaxHighlighter Value="Delphi"/>
      </Unit13>
      <Unit14>
        <Filename Value="../../hmiedit.pas"/>
        <UnitName Value="HMIEdit"/>
        <WindowIndex Value="0"/>
        <TopLine Value="347"/>
        <CursorPos X="11" Y="354"/>
        <UsageCount Value="9"/>
        <DefaultSyntaxHighlighter Value="Delphi"/>
      </Unit14>
      <Unit15>
        <Filename Value="../../hmitrackbar.pas"/>
        <UnitName Value="HMITrackBar"/>
        <WindowIndex Value="0"/>
        <TopLine Value="98"/>
        <CursorPos X="24" Y="101"/>
        <UsageCount Value="9"/>
        <DefaultSyntaxHighlighter Value="Delphi"/>
      </Unit15>
      <Unit16>
        <Filename Value="unit1.lfm"/>
        <WindowIndex Value="0"/>
        <TopLine Value="170"/>
        <CursorPos X="17" Y="188"/>
        <UsageCount Value="9"/>
        <DefaultSyntaxHighlighter Value="LFM"/>
      </Unit16>
      <Unit17>
        <Filename Value="../../hmiscrollbar.pas"/>
        <UnitName Value="HMIScrollBar"/>
        <WindowIndex Value="0"/>
        <TopLine Value="69"/>
        <CursorPos X="21" Y="94"/>
        <UsageCount Value="9"/>
        <DefaultSyntaxHighlighter Value="Delphi"/>
      </Unit17>
      <Unit18>
        <Filename Value="../../s7family.pas"/>
        <UnitName Value="s7family"/>
        <WindowIndex Value="0"/>
        <TopLine Value="360"/>
        <CursorPos X="1" Y="369"/>
        <UsageCount Value="14"/>
        <DefaultSyntaxHighlighter Value="Delphi"/>
      </Unit18>
      <Unit19>
        <Filename Value="../../modbusserial.pas"/>
        <UnitName Value="ModBusSerial"/>
        <WindowIndex Value="0"/>
        <TopLine Value="207"/>
        <CursorPos X="3" Y="214"/>
        <UsageCount Value="9"/>
        <DefaultSyntaxHighlighter Value="Delphi"/>
      </Unit19>
      <Unit20>
        <Filename Value="../../s7types.pas"/>
        <UnitName Value="S7Types"/>
        <TopLine Value="9"/>
        <CursorPos X="3" Y="28"/>
        <UsageCount Value="13"/>
        <DefaultSyntaxHighlighter Value="Delphi"/>
      </Unit20>
      <Unit21>
        <Filename Value="../../tagcollection.pas"/>
        <UnitName Value="tagcollection"/>
        <WindowIndex Value="0"/>
        <TopLine Value="167"/>
        <CursorPos X="3" Y="174"/>
        <UsageCount Value="12"/>
        <DefaultSyntaxHighlighter Value="Delphi"/>
      </Unit21>
      <Unit22>
        <Filename Value="../../tag.pas"/>
        <UnitName Value="Tag"/>
        <WindowIndex Value="0"/>
        <TopLine Value="193"/>
        <CursorPos X="14" Y="200"/>
        <UsageCount Value="17"/>
        <DefaultSyntaxHighlighter Value="Delphi"/>
      </Unit22>
      <Unit23>
        <Filename Value="../../hsstrings.pas"/>
        <UnitName Value="hsstrings"/>
        <WindowIndex Value="0"/>
        <TopLine Value="44"/>
        <CursorPos X="82" Y="76"/>
        <UsageCount Value="12"/>
        <DefaultSyntaxHighlighter Value="Delphi"/>
      </Unit23>
      <Unit24>
        <Filename Value="../../plcstruct.pas"/>
        <UnitName Value="PLCStruct"/>
        <WindowIndex Value="0"/>
        <TopLine Value="32"/>
        <CursorPos X="25" Y="41"/>
        <UsageCount Value="16"/>
        <DefaultSyntaxHighlighter Value="Delphi"/>
      </Unit24>
      <Unit25>
        <Filename Value="../../scada.pas"/>
        <UnitName Value="scada"/>
        <WindowIndex Value="0"/>
        <TopLine Value="1"/>
        <CursorPos X="1" Y="26"/>
        <UsageCount Value="9"/>
        <DefaultSyntaxHighlighter Value="Delphi"/>
      </Unit25>
      <Unit26>
        <Filename Value="../../plcstructelement.pas"/>
        <UnitName Value="PLCStructElement"/>
        <WindowIndex Value="0"/>
        <TopLine Value="1"/>
        <CursorPos X="15" Y="17"/>
        <UsageCount Value="17"/>
        <DefaultSyntaxHighlighter Value="Delphi"/>
      </Unit26>
      <Unit27>
        <Filename Value="../../scadareg.pas"/>
        <UnitName Value="scadareg"/>
        <WindowIndex Value="0"/>
        <TopLine Value="39"/>
        <CursorPos X="58" Y="50"/>
        <UsageCount Value="9"/>
        <DefaultSyntaxHighlighter Value="Delphi"/>
      </Unit27>
      <Unit28>
        <Filename Value="../../../../lazarus/lcl/interfaces/gtk2/gtk2widgetset.inc"/>
        <WindowIndex Value="0"/>
        <TopLine Value="1841"/>
        <CursorPos X="1" Y="1855"/>
        <UsageCount Value="9"/>
      </Unit28>
      <Unit29>
        <Filename Value="../../../../lazarus/lcl/include/control.inc"/>
        <WindowIndex Value="0"/>
        <TopLine Value="3149"/>
        <CursorPos X="1" Y="3163"/>
        <UsageCount Value="9"/>
      </Unit29>
      <Unit30>
        <Filename Value="../../../fpcbuild251/fpcbuild/fpcsrc/rtl/objpas/classes/classesh.inc"/>
        <WindowIndex Value="0"/>
        <TopLine Value="1596"/>
        <CursorPos X="15" Y="1603"/>
        <UsageCount Value="10"/>
      </Unit30>
      <Unit31>
        <Filename Value="../../../fortes4lazarus/trunk/rlreport.pas"/>
        <UnitName Value="RLReport"/>
        <WindowIndex Value="0"/>
        <TopLine Value="10765"/>
        <CursorPos X="44" Y="10778"/>
        <UsageCount Value="10"/>
      </Unit31>
      <Unit32>
        <Filename Value="../../isotcpdriver.pas"/>
        <UnitName Value="ISOTCPDriver"/>
        <WindowIndex Value="0"/>
        <TopLine Value="21"/>
        <CursorPos X="36" Y="58"/>
        <UsageCount Value="11"/>
        <DefaultSyntaxHighlighter Value="Delphi"/>
      </Unit32>
      <Unit33>
        <Filename Value="../../../fpcbuild251/fpcbuild/fpcsrc/rtl/objpas/sysutils/sysutilh.inc"/>
        <WindowIndex Value="0"/>
        <TopLine Value="47"/>
        <CursorPos X="4" Y="66"/>
        <UsageCount Value="11"/>
      </Unit33>
    </Units>
    <JumpHistory Count="0" HistoryIndex="-1"/>
  </ProjectOptions>
  <CompilerOptions>
    <Version Value="9"/>
    <Target>
      <Filename Value="project1"/>
    </Target>
    <SearchPaths>
      <IncludeFiles Value="$(ProjOutDir)"/>
      <UnitOutputDirectory Value="lib/$(TargetCPU)-$(TargetOS)"/>
    </SearchPaths>
    <Linking>
      <Options>
        <Win32>
          <GraphicApplication Value="True"/>
        </Win32>
      </Options>
    </Linking>
    <Other>
      <CompilerPath Value="$(CompPath)"/>
    </Other>
  </CompilerOptions>
  <Debugging>
    <Watches Count="1">
      <Item1>
        <Expression Value="blkvalues[c]"/>
      </Item1>
    </Watches>
    <Exceptions Count="3">
      <Item1>
        <Name Value="EAbort"/>
      </Item1>
      <Item2>
        <Name Value="ECodetoolError"/>
      </Item2>
      <Item3>
        <Name Value="EFOpenError"/>
      </Item3>
    </Exceptions>
  </Debugging>
</CONFIG>