<?xml version="1.0"?>
<CONFIG>
  <ProjectOptions>
    <Version Value="7"/>
    <General>
      <Flags>
        <MainUnitHasCreateFormStatements Value="False"/>
        <MainUnitHasTitleStatement Value="False"/>
      </Flags>
      <MainUnit Value="0"/>
      <TargetFileExt Value=""/>
      <Icon Value="0"/>
      <UseXPManifest Value="True"/>
      <ActiveEditorIndexAtStart Value="0"/>
    </General>
    <VersionInfo>
      <ProjectVersion Value=""/>
      <Language Value=""/>
      <CharSet Value=""/>
    </VersionInfo>
    <PublishOptions>
      <Version Value="2"/>
      <IgnoreBinaries Value="False"/>
      <IncludeFileFilter Value="*.(pas|pp|inc|lfm|lpr|lrs|lpi|lpk|sh|xml)"/>
      <ExcludeFileFilter Value="*.(bak|ppu|ppw|o|so);*~;backup"/>
    </PublishOptions>
    <RunParams>
      <local>
        <FormatVersion Value="1"/>
        <LaunchingApplication PathPlusParams="/usr/X11R6/bin/xterm -T 'Lazarus Run Output' -e $(LazarusDir)/tools/runwait.sh $(TargetCmdLine)"/>
      </local>
    </RunParams>
    <RequiredPackages Count="2">
      <Item1>
        <PackageName Value="LCL"/>
      </Item1>
      <Item2>
        <PackageName Value="FCL"/>
      </Item2>
    </RequiredPackages>
    <Units Count="52">
      <Unit0>
        <Filename Value="dcrcreator.lpr"/>
        <IsPartOfProject Value="True"/>
        <UnitName Value="dcrcreator"/>
        <CursorPos X="77" Y="1"/>
        <TopLine Value="1"/>
        <EditorIndex Value="0"/>
        <UsageCount Value="50"/>
        <Loaded Value="True"/>
      </Unit0>
      <Unit1>
        <Filename Value="../../../fpcbuild251/fpcbuild/fpcsrc/packages/fcl-base/src/custapp.pp"/>
        <UnitName Value="CustApp"/>
        <CursorPos X="3" Y="537"/>
        <TopLine Value="532"/>
        <UsageCount Value="7"/>
      </Unit1>
      <Unit2>
        <Filename Value="../../commport.pas"/>
        <UnitName Value="CommPort"/>
        <CursorPos X="82" Y="442"/>
        <TopLine Value="411"/>
        <UsageCount Value="15"/>
        <SyntaxHighlighter Value="Delphi"/>
      </Unit2>
      <Unit3>
        <Filename Value="../../../ZeosLib/src/component/ZComponentReg.pas"/>
        <UnitName Value="ZComponentReg"/>
        <CursorPos X="1" Y="1"/>
        <TopLine Value="1"/>
        <UsageCount Value="7"/>
        <SyntaxHighlighter Value="Delphi"/>
      </Unit3>
      <Unit4>
        <Filename Value="../../westasciidriver.pas"/>
        <UnitName Value="WestASCIIDriver"/>
        <CursorPos X="86" Y="518"/>
        <TopLine Value="485"/>
        <UsageCount Value="10"/>
        <SyntaxHighlighter Value="Delphi"/>
      </Unit4>
      <Unit5>
        <Filename Value="../../valueprocessor.pas"/>
        <UnitName Value="ValueProcessor"/>
        <CursorPos X="1" Y="1"/>
        <TopLine Value="1"/>
        <UsageCount Value="10"/>
        <SyntaxHighlighter Value="Delphi"/>
      </Unit5>
      <Unit6>
        <Filename Value="../../crc16utils.pas"/>
        <UnitName Value="crc16utils"/>
        <CursorPos X="44" Y="99"/>
        <TopLine Value="66"/>
        <UsageCount Value="15"/>
        <SyntaxHighlighter Value="Delphi"/>
      </Unit6>
      <Unit7>
        <Filename Value="../../crossevent.pas"/>
        <UnitName Value="CrossEvent"/>
        <CursorPos X="3" Y="1"/>
        <TopLine Value="1"/>
        <UsageCount Value="15"/>
        <SyntaxHighlighter Value="Delphi"/>
      </Unit7>
      <Unit8>
        <Filename Value="../../hmianimation.pas"/>
        <UnitName Value="HMIAnimation"/>
        <CursorPos X="1" Y="1"/>
        <TopLine Value="1"/>
        <UsageCount Value="15"/>
        <SyntaxHighlighter Value="Delphi"/>
      </Unit8>
      <Unit9>
        <Filename Value="../../hmibutton.pas"/>
        <UnitName Value="HMIButton"/>
        <CursorPos X="1" Y="1"/>
        <TopLine Value="1"/>
        <UsageCount Value="10"/>
        <SyntaxHighlighter Value="Delphi"/>
      </Unit9>
      <Unit10>
        <Filename Value="../../hmicheckbox.pas"/>
        <UnitName Value="HMICheckBox"/>
        <CursorPos X="47" Y="1"/>
        <TopLine Value="1"/>
        <UsageCount Value="18"/>
        <SyntaxHighlighter Value="Delphi"/>
      </Unit10>
      <Unit11>
        <Filename Value="../../commtypes.pas"/>
        <UnitName Value="commtypes"/>
        <CursorPos X="55" Y="10"/>
        <TopLine Value="1"/>
        <UsageCount Value="15"/>
        <SyntaxHighlighter Value="Delphi"/>
      </Unit11>
      <Unit12>
        <Filename Value="../../hmiedit.pas"/>
        <UnitName Value="HMIEdit"/>
        <CursorPos X="24" Y="517"/>
        <TopLine Value="484"/>
        <UsageCount Value="15"/>
        <SyntaxHighlighter Value="Delphi"/>
      </Unit12>
      <Unit13>
        <Filename Value="../../hmilabel.pas"/>
        <UnitName Value="HMILabel"/>
        <CursorPos X="3" Y="235"/>
        <TopLine Value="202"/>
        <UsageCount Value="15"/>
        <SyntaxHighlighter Value="Delphi"/>
      </Unit13>
      <Unit14>
        <Filename Value="../../hmiprogressbar.pas"/>
        <UnitName Value="HMIProgressBar"/>
        <CursorPos X="56" Y="162"/>
        <TopLine Value="129"/>
        <UsageCount Value="15"/>
        <SyntaxHighlighter Value="Delphi"/>
      </Unit14>
      <Unit15>
        <Filename Value="../../hmipropeditor.pas"/>
        <UnitName Value="hmipropeditor"/>
        <CursorPos X="40" Y="1"/>
        <TopLine Value="1"/>
        <UsageCount Value="15"/>
        <SyntaxHighlighter Value="Delphi"/>
      </Unit15>
      <Unit16>
        <Filename Value="../../hmiradiobutton.pas"/>
        <UnitName Value="HMIRadioButton"/>
        <CursorPos X="1" Y="94"/>
        <TopLine Value="61"/>
        <UsageCount Value="15"/>
        <SyntaxHighlighter Value="Delphi"/>
      </Unit16>
      <Unit17>
        <Filename Value="../../hmiradiogroup.pas"/>
        <UnitName Value="HMIRadioGroup"/>
        <CursorPos X="57" Y="107"/>
        <TopLine Value="74"/>
        <UsageCount Value="15"/>
        <SyntaxHighlighter Value="Delphi"/>
      </Unit17>
      <Unit18>
        <Filename Value="../../hmiscrollbar.pas"/>
        <UnitName Value="HMIScrollBar"/>
        <CursorPos X="10" Y="1"/>
        <TopLine Value="1"/>
        <UsageCount Value="15"/>
        <SyntaxHighlighter Value="Delphi"/>
      </Unit18>
      <Unit19>
        <Filename Value="../../hmitext.pas"/>
        <UnitName Value="HMIText"/>
        <CursorPos X="6" Y="106"/>
        <TopLine Value="78"/>
        <UsageCount Value="13"/>
        <SyntaxHighlighter Value="Delphi"/>
      </Unit19>
      <Unit20>
        <Filename Value="../../hmitrackbar.pas"/>
        <UnitName Value="HMITrackBar"/>
        <CursorPos X="57" Y="102"/>
        <TopLine Value="69"/>
        <UsageCount Value="10"/>
        <SyntaxHighlighter Value="Delphi"/>
      </Unit20>
      <Unit21>
        <Filename Value="../../hmitypes.pas"/>
        <UnitName Value="HMITypes"/>
        <CursorPos X="35" Y="43"/>
        <TopLine Value="43"/>
        <UsageCount Value="10"/>
        <SyntaxHighlighter Value="Delphi"/>
      </Unit21>
      <Unit22>
        <Filename Value="../../hmiupdown.pas"/>
        <UnitName Value="HMIUpDown"/>
        <CursorPos X="33" Y="184"/>
        <TopLine Value="189"/>
        <UsageCount Value="10"/>
        <SyntaxHighlighter Value="Delphi"/>
      </Unit22>
      <Unit23>
        <Filename Value="../../hmizones.pas"/>
        <UnitName Value="HMIZones"/>
        <CursorPos X="35" Y="897"/>
        <TopLine Value="864"/>
        <UsageCount Value="10"/>
        <SyntaxHighlighter Value="Delphi"/>
      </Unit23>
      <Unit24>
        <Filename Value="../../hsstrings.pas"/>
        <UnitName Value="hsstrings"/>
        <CursorPos X="123" Y="6"/>
        <TopLine Value="2"/>
        <UsageCount Value="10"/>
        <SyntaxHighlighter Value="Delphi"/>
      </Unit24>
      <Unit25>
        <Filename Value="../../hsutils.pas"/>
        <UnitName Value="hsutils"/>
        <CursorPos X="24" Y="92"/>
        <TopLine Value="59"/>
        <UsageCount Value="10"/>
        <SyntaxHighlighter Value="Delphi"/>
      </Unit25>
      <Unit26>
        <Filename Value="../../iboxdriver.pas"/>
        <UnitName Value="IBoxDriver"/>
        <CursorPos X="29" Y="489"/>
        <TopLine Value="473"/>
        <UsageCount Value="10"/>
        <SyntaxHighlighter Value="Delphi"/>
      </Unit26>
      <Unit27>
        <Filename Value="../../linearscaleprocessor.pas"/>
        <UnitName Value="LinearScaleProcessor"/>
        <CursorPos X="46" Y="144"/>
        <TopLine Value="114"/>
        <UsageCount Value="10"/>
        <SyntaxHighlighter Value="Delphi"/>
      </Unit27>
      <Unit28>
        <Filename Value="../../messagespool.pas"/>
        <UnitName Value="MessageSpool"/>
        <CursorPos X="14" Y="345"/>
        <TopLine Value="317"/>
        <UsageCount Value="10"/>
        <SyntaxHighlighter Value="Delphi"/>
      </Unit28>
      <Unit29>
        <Filename Value="../../modbusdriver.pas"/>
        <UnitName Value="ModBusDriver"/>
        <CursorPos X="22" Y="75"/>
        <TopLine Value="42"/>
        <UsageCount Value="10"/>
        <SyntaxHighlighter Value="Delphi"/>
      </Unit29>
      <Unit30>
        <Filename Value="../../modbusserial.pas"/>
        <UnitName Value="ModBusSerial"/>
        <CursorPos X="1" Y="1"/>
        <TopLine Value="1"/>
        <UsageCount Value="10"/>
        <SyntaxHighlighter Value="Delphi"/>
      </Unit30>
      <Unit31>
        <Filename Value="../../modbustcp.pas"/>
        <UnitName Value="ModBusTCP"/>
        <CursorPos X="41" Y="268"/>
        <TopLine Value="268"/>
        <UsageCount Value="10"/>
        <SyntaxHighlighter Value="Delphi"/>
      </Unit31>
      <Unit32>
        <Filename Value="../../plcblock.pas"/>
        <UnitName Value="PLCBlock"/>
        <CursorPos X="41" Y="119"/>
        <TopLine Value="119"/>
        <UsageCount Value="10"/>
        <SyntaxHighlighter Value="Delphi"/>
      </Unit32>
      <Unit33>
        <Filename Value="../../plcblockelement.pas"/>
        <UnitName Value="PLCBlockElement"/>
        <CursorPos X="21" Y="266"/>
        <TopLine Value="233"/>
        <UsageCount Value="10"/>
        <SyntaxHighlighter Value="Delphi"/>
      </Unit33>
      <Unit34>
        <Filename Value="../../plcmemorymananger.pas"/>
        <UnitName Value="PLCMemoryMananger"/>
        <CursorPos X="32" Y="3"/>
        <TopLine Value="1"/>
        <UsageCount Value="10"/>
        <SyntaxHighlighter Value="Delphi"/>
      </Unit34>
      <Unit35>
        <Filename Value="../../plcnumber.pas"/>
        <UnitName Value="PLCNumber"/>
        <CursorPos X="1" Y="1"/>
        <TopLine Value="1"/>
        <UsageCount Value="10"/>
        <SyntaxHighlighter Value="Delphi"/>
      </Unit35>
      <Unit36>
        <Filename Value="../../plcstring.pas"/>
        <UnitName Value="PLCString"/>
        <CursorPos X="60" Y="489"/>
        <TopLine Value="489"/>
        <UsageCount Value="10"/>
        <SyntaxHighlighter Value="Delphi"/>
      </Unit36>
      <Unit37>
        <Filename Value="../../plctag.pas"/>
        <UnitName Value="PLCTag"/>
        <CursorPos X="1" Y="1"/>
        <TopLine Value="1"/>
        <UsageCount Value="10"/>
        <SyntaxHighlighter Value="Delphi"/>
      </Unit37>
      <Unit38>
        <Filename Value="../../plctagnumber.pas"/>
        <UnitName Value="PLCTagNumber"/>
        <CursorPos X="45" Y="179"/>
        <TopLine Value="179"/>
        <UsageCount Value="10"/>
        <SyntaxHighlighter Value="Delphi"/>
      </Unit38>
      <Unit39>
        <Filename Value="../../protocoldriver.pas"/>
        <UnitName Value="ProtocolDriver"/>
        <CursorPos X="30" Y="664"/>
        <TopLine Value="664"/>
        <UsageCount Value="10"/>
        <SyntaxHighlighter Value="Delphi"/>
      </Unit39>
      <Unit40>
        <Filename Value="../../protocoltypes.pas"/>
        <UnitName Value="ProtocolTypes"/>
        <CursorPos X="46" Y="262"/>
        <TopLine Value="229"/>
        <UsageCount Value="10"/>
        <SyntaxHighlighter Value="Delphi"/>
      </Unit40>
      <Unit41>
        <Filename Value="../../protscan.pas"/>
        <UnitName Value="protscan"/>
        <CursorPos X="1" Y="1"/>
        <TopLine Value="1"/>
        <UsageCount Value="10"/>
        <SyntaxHighlighter Value="Delphi"/>
      </Unit41>
      <Unit42>
        <Filename Value="../../protscanupdate.pas"/>
        <UnitName Value="protscanupdate"/>
        <CursorPos X="1" Y="1"/>
        <TopLine Value="1"/>
        <UsageCount Value="10"/>
        <SyntaxHighlighter Value="Delphi"/>
      </Unit42>
      <Unit43>
        <Filename Value="../../scadapropeditor.pas"/>
        <UnitName Value="scadapropeditor"/>
        <CursorPos X="1" Y="1"/>
        <TopLine Value="1"/>
        <UsageCount Value="10"/>
        <SyntaxHighlighter Value="Delphi"/>
      </Unit43>
      <Unit44>
        <Filename Value="../../scadareg.pas"/>
        <UnitName Value="scadareg"/>
        <CursorPos X="42" Y="61"/>
        <TopLine Value="40"/>
        <UsageCount Value="10"/>
        <SyntaxHighlighter Value="Delphi"/>
      </Unit44>
      <Unit45>
        <Filename Value="../../serialport.pas"/>
        <UnitName Value="SerialPort"/>
        <CursorPos X="42" Y="726"/>
        <TopLine Value="726"/>
        <UsageCount Value="11"/>
        <SyntaxHighlighter Value="Delphi"/>
      </Unit45>
      <Unit46>
        <Filename Value="../../tag.pas"/>
        <UnitName Value="Tag"/>
        <CursorPos X="43" Y="220"/>
        <TopLine Value="220"/>
        <UsageCount Value="10"/>
        <SyntaxHighlighter Value="Delphi"/>
      </Unit46>
      <Unit47>
        <Filename Value="../../tagbit.pas"/>
        <UnitName Value="TagBit"/>
        <CursorPos X="1" Y="1"/>
        <TopLine Value="1"/>
        <UsageCount Value="10"/>
        <SyntaxHighlighter Value="Delphi"/>
      </Unit47>
      <Unit48>
        <Filename Value="../../tagblock.pas"/>
        <UnitName Value="TagBlock"/>
        <CursorPos X="36" Y="12"/>
        <TopLine Value="12"/>
        <UsageCount Value="10"/>
        <SyntaxHighlighter Value="Delphi"/>
      </Unit48>
      <Unit49>
        <Filename Value="../../tagcollection.pas"/>
        <UnitName Value="tagcollection"/>
        <CursorPos X="1" Y="1"/>
        <TopLine Value="1"/>
        <UsageCount Value="10"/>
        <SyntaxHighlighter Value="Delphi"/>
      </Unit49>
      <Unit50>
        <Filename Value="../../tcp_udpport.pas"/>
        <UnitName Value="tcp_udpport"/>
        <CursorPos X="1" Y="1"/>
        <TopLine Value="1"/>
        <UsageCount Value="10"/>
        <SyntaxHighlighter Value="Delphi"/>
      </Unit50>
      <Unit51>
        <Filename Value="../../userscale.pas"/>
        <UnitName Value="UserScale"/>
        <CursorPos X="78" Y="58"/>
        <TopLine Value="25"/>
        <UsageCount Value="10"/>
        <SyntaxHighlighter Value="Delphi"/>
      </Unit51>
    </Units>
    <JumpHistory Count="0" HistoryIndex="-1"/>
  </ProjectOptions>
  <CompilerOptions>
    <Version Value="8"/>
    <SearchPaths>
      <IncludeFiles Value="$(ProjOutDir)/"/>
      <LCLWidgetType Value="nogui"/>
    </SearchPaths>
    <Linking>
      <Debugging>
        <UseLineInfoUnit Value="False"/>
        <StripSymbols Value="True"/>
      </Debugging>
    </Linking>
    <Other>
      <CompilerPath Value="$(CompPath)"/>
    </Other>
  </CompilerOptions>
  <Debugging>
    <Exceptions Count="3">
      <Item1>
        <Name Value="EAbort"/>
      </Item1>
      <Item2>
        <Name Value="ECodetoolError"/>
      </Item2>
      <Item3>
        <Name Value="EFOpenError"/>
      </Item3>
    </Exceptions>
  </Debugging>
</CONFIG>
