<?xml version="1.0"?>
<CONFIG>
  <ProjectOptions>
    <Version Value="9"/>
    <General>
      <MainUnit Value="0"/>
      <Title Value="Monitoramento e controle de horimetros"/>
      <ResourceType Value="res"/>
      <UseXPManifest Value="True"/>
      <Icon Value="0"/>
      <ActiveWindowIndexAtStart Value="0"/>
    </General>
    <i18n>
      <EnableI18N LFM="False"/>
    </i18n>
    <VersionInfo>
      <StringTable ProductVersion=""/>
    </VersionInfo>
    <BuildModes Count="1" Active="Default">
      <Item1 Name="Default" Default="True"/>
    </BuildModes>
    <PublishOptions>
      <Version Value="2"/>
      <IncludeFileFilter Value="*.(pas|pp|inc|lfm|lpr|lrs|lpi|lpk|sh|xml)"/>
      <ExcludeFileFilter Value="*.(bak|ppu|o|so);*~;backup"/>
    </PublishOptions>
    <RunParams>
      <local>
        <FormatVersion Value="1"/>
        <LaunchingApplication PathPlusParams="/usr/bin/xterm -T 'Lazarus Run Output' -e $(LazarusDir)/tools/runwait.sh $(TargetCmdLine)"/>
      </local>
    </RunParams>
    <RequiredPackages Count="8">
      <Item1>
        <PackageName Value="fortes324forlaz"/>
        <MinVersion Major="3" Minor="24" Release="2" Valid="True"/>
      </Item1>
      <Item2>
        <PackageName Value="lazreport"/>
        <MinVersion Minor="9" Release="8" Valid="True"/>
      </Item2>
      <Item3>
        <PackageName Value="TAChartLazarusPkg"/>
        <MinVersion Major="1" Valid="True"/>
      </Item3>
      <Item4>
        <PackageName Value="LCLBase"/>
        <MinVersion Major="1" Release="1" Valid="True"/>
      </Item4>
      <Item5>
        <PackageName Value="FCL"/>
        <MinVersion Major="1" Release="1" Valid="True"/>
      </Item5>
      <Item6>
        <PackageName Value="zcomponent"/>
        <MinVersion Major="7" Valid="True"/>
      </Item6>
      <Item7>
        <PackageName Value="pascalscada"/>
        <MinVersion Minor="7" Release="2" Valid="True"/>
      </Item7>
      <Item8>
        <PackageName Value="LCL"/>
      </Item8>
    </RequiredPackages>
    <Units Count="23">
      <Unit0>
        <Filename Value="horimetros.lpr"/>
        <IsPartOfProject Value="True"/>
        <UnitName Value="horimetros"/>
        <WindowIndex Value="0"/>
        <TopLine Value="1"/>
        <CursorPos X="1" Y="15"/>
        <UsageCount Value="60"/>
      </Unit0>
      <Unit1>
        <Filename Value="umain.pas"/>
        <IsPartOfProject Value="True"/>
        <ComponentName Value="frmMain"/>
        <ResourceBaseClass Value="Form"/>
        <UnitName Value="umain"/>
        <EditorIndex Value="0"/>
        <WindowIndex Value="0"/>
        <TopLine Value="105"/>
        <CursorPos X="74" Y="106"/>
        <ComponentState Value="1"/>
        <UsageCount Value="60"/>
        <Loaded Value="True"/>
      </Unit1>
      <Unit2>
        <Filename Value="udm.pas"/>
        <IsPartOfProject Value="True"/>
        <ComponentName Value="dmtags"/>
        <ResourceBaseClass Value="DataModule"/>
        <UnitName Value="udm"/>
        <WindowIndex Value="0"/>
        <TopLine Value="151"/>
        <CursorPos X="139" Y="168"/>
        <UsageCount Value="60"/>
      </Unit2>
      <Unit3>
        <Filename Value="udmdb.pas"/>
        <IsPartOfProject Value="True"/>
        <ComponentName Value="dmdb"/>
        <ResourceBaseClass Value="DataModule"/>
        <UnitName Value="udmdb"/>
        <IsVisibleTab Value="True"/>
        <EditorIndex Value="1"/>
        <WindowIndex Value="0"/>
        <TopLine Value="112"/>
        <CursorPos X="45" Y="129"/>
        <UsageCount Value="60"/>
        <Bookmarks Count="1">
          <Item0 X="3" Y="179" ID="0"/>
        </Bookmarks>
        <Loaded Value="True"/>
        <LoadedDesigner Value="True"/>
      </Unit3>
      <Unit4>
        <Filename Value="../pascalscada/plcnumber.pas"/>
        <UnitName Value="PLCNumber"/>
        <WindowIndex Value="0"/>
        <TopLine Value="68"/>
        <CursorPos X="14" Y="87"/>
        <UsageCount Value="9"/>
      </Unit4>
      <Unit5>
        <Filename Value="../fpcbuild251/fpcbuild/fpcsrc/packages/fcl-db/src/base/db.pas"/>
        <UnitName Value="db"/>
        <WindowIndex Value="0"/>
        <TopLine Value="30"/>
        <CursorPos X="41" Y="50"/>
        <UsageCount Value="11"/>
      </Unit5>
      <Unit6>
        <Filename Value="../fpcbuild251/fpcbuild/fpcsrc/packages/fcl-db/src/base/dataset.inc"/>
        <WindowIndex Value="0"/>
        <TopLine Value="2061"/>
        <CursorPos X="3" Y="2064"/>
        <UsageCount Value="9"/>
      </Unit6>
      <Unit7>
        <Filename Value="upopuphorimetro.pas"/>
        <IsPartOfProject Value="True"/>
        <ComponentName Value="frmPopup"/>
        <ResourceBaseClass Value="Form"/>
        <UnitName Value="upopuphorimetro"/>
        <WindowIndex Value="0"/>
        <TopLine Value="37"/>
        <CursorPos X="15" Y="43"/>
        <ComponentState Value="1"/>
        <UsageCount Value="58"/>
      </Unit7>
      <Unit8>
        <Filename Value="../pascalscada/ucrosstimer.pas"/>
        <UnitName Value="ucrosstimer"/>
        <WindowIndex Value="0"/>
        <TopLine Value="13"/>
        <CursorPos X="21" Y="25"/>
        <UsageCount Value="9"/>
      </Unit8>
      <Unit9>
        <Filename Value="../../lazarus/lcl/extctrls.pp"/>
        <UnitName Value="ExtCtrls"/>
        <WindowIndex Value="0"/>
        <TopLine Value="360"/>
        <CursorPos X="25" Y="372"/>
        <UsageCount Value="9"/>
      </Unit9>
      <Unit10>
        <Filename Value="../../lazarus/lcl/customtimer.pas"/>
        <UnitName Value="CustomTimer"/>
        <WindowIndex Value="0"/>
        <TopLine Value="31"/>
        <CursorPos X="15" Y="43"/>
        <UsageCount Value="9"/>
      </Unit10>
      <Unit11>
        <Filename Value="../../lazarus/lcl/dbgrids.pas"/>
        <UnitName Value="DBGrids"/>
        <WindowIndex Value="0"/>
        <TopLine Value="406"/>
        <CursorPos X="32" Y="256"/>
        <UsageCount Value="13"/>
      </Unit11>
      <Unit12>
        <Filename Value="../../lazarus/lcl/grids.pas"/>
        <UnitName Value="Grids"/>
        <WindowIndex Value="0"/>
        <TopLine Value="519"/>
        <CursorPos X="33" Y="543"/>
        <UsageCount Value="13"/>
      </Unit12>
      <Unit13>
        <Filename Value="../fpcbuild251/fpcbuild/fpcsrc/rtl/inc/mouseh.inc"/>
        <WindowIndex Value="0"/>
        <TopLine Value="65"/>
        <CursorPos X="11" Y="62"/>
        <UsageCount Value="11"/>
      </Unit13>
      <Unit14>
        <Filename Value="ulogin.pas"/>
        <ComponentName Value="frmLogin"/>
        <ResourceBaseClass Value="Form"/>
        <UnitName Value="ulogin"/>
        <WindowIndex Value="0"/>
        <TopLine Value="13"/>
        <CursorPos X="23" Y="47"/>
        <UsageCount Value="40"/>
      </Unit14>
      <Unit15>
        <Filename Value="ugraficos.pas"/>
        <IsPartOfProject Value="True"/>
        <ComponentName Value="frmGraficos"/>
        <ResourceBaseClass Value="Form"/>
        <UnitName Value="ugraficos"/>
        <WindowIndex Value="0"/>
        <TopLine Value="46"/>
        <CursorPos X="50" Y="62"/>
        <UsageCount Value="40"/>
      </Unit15>
      <Unit16>
        <Filename Value="ufiltro.pas"/>
        <IsPartOfProject Value="True"/>
        <ComponentName Value="frmFiltro"/>
        <ResourceBaseClass Value="Form"/>
        <UnitName Value="ufiltro"/>
        <WindowIndex Value="0"/>
        <TopLine Value="8"/>
        <CursorPos X="24" Y="15"/>
        <UsageCount Value="31"/>
      </Unit16>
      <Unit17>
        <Filename Value="urelatorios.pas"/>
        <IsPartOfProject Value="True"/>
        <ComponentName Value="frmRelatorios"/>
        <ResourceBaseClass Value="Form"/>
        <UnitName Value="urelatorios"/>
        <WindowIndex Value="0"/>
        <TopLine Value="18"/>
        <CursorPos X="36" Y="23"/>
        <UsageCount Value="30"/>
      </Unit17>
      <Unit18>
        <Filename Value="../pascalscada/ZeosLib/src/component/ZAbstractRODataset.pas"/>
        <UnitName Value="ZAbstractRODataset"/>
        <WindowIndex Value="0"/>
        <TopLine Value="1415"/>
        <CursorPos X="1" Y="1434"/>
        <UsageCount Value="11"/>
      </Unit18>
      <Unit19>
        <Filename Value="ugerenciamentousuarios.pas"/>
        <IsPartOfProject Value="True"/>
        <ComponentName Value="frmUsuarios"/>
        <ResourceBaseClass Value="Form"/>
        <UnitName Value="ugerenciamentousuarios"/>
        <EditorIndex Value="2"/>
        <WindowIndex Value="0"/>
        <TopLine Value="10"/>
        <CursorPos X="1" Y="1"/>
        <UsageCount Value="28"/>
        <Loaded Value="True"/>
      </Unit19>
      <Unit20>
        <Filename Value="../../controlsecuritymanager.pas"/>
        <UnitName Value="ControlSecurityManager"/>
        <WindowIndex Value="0"/>
        <TopLine Value="149"/>
        <CursorPos X="3" Y="151"/>
        <UsageCount Value="11"/>
        <DefaultSyntaxHighlighter Value="Delphi"/>
      </Unit20>
      <Unit21>
        <Filename Value="../../customizedusermanagement.pas"/>
        <UnitName Value="CustomizedUserManagement"/>
        <WindowIndex Value="0"/>
        <TopLine Value="1"/>
        <CursorPos X="78" Y="13"/>
        <UsageCount Value="10"/>
        <DefaultSyntaxHighlighter Value="Delphi"/>
      </Unit21>
      <Unit22>
        <Filename Value="../../../../lazarus/lcl/include/containedaction.inc"/>
        <WindowIndex Value="0"/>
        <TopLine Value="41"/>
        <CursorPos X="1" Y="53"/>
        <UsageCount Value="10"/>
      </Unit22>
    </Units>
    <JumpHistory Count="12" HistoryIndex="11">
      <Position1>
        <Filename Value="umain.pas"/>
        <Caret Line="298" Column="3" TopLine="298"/>
      </Position1>
      <Position2>
        <Filename Value="umain.pas"/>
        <Caret Line="123" Column="39" TopLine="115"/>
      </Position2>
      <Position3>
        <Filename Value="umain.pas"/>
        <Caret Line="132" Column="3" TopLine="120"/>
      </Position3>
      <Position4>
        <Filename Value="umain.pas"/>
        <Caret Line="269" Column="17" TopLine="257"/>
      </Position4>
      <Position5>
        <Filename Value="umain.pas"/>
        <Caret Line="311" Column="1" TopLine="302"/>
      </Position5>
      <Position6>
        <Filename Value="umain.pas"/>
        <Caret Line="281" Column="1" TopLine="259"/>
      </Position6>
      <Position7>
        <Filename Value="umain.pas"/>
        <Caret Line="326" Column="1" TopLine="268"/>
      </Position7>
      <Position8>
        <Filename Value="umain.pas"/>
        <Caret Line="350" Column="5" TopLine="295"/>
      </Position8>
      <Position9>
        <Filename Value="umain.pas"/>
        <Caret Line="94" Column="44" TopLine="64"/>
      </Position9>
      <Position10>
        <Filename Value="umain.pas"/>
        <Caret Line="1" Column="48" TopLine="1"/>
      </Position10>
      <Position11>
        <Filename Value="udmdb.pas"/>
        <Caret Line="153" Column="30" TopLine="172"/>
      </Position11>
      <Position12>
        <Filename Value="udmdb.pas"/>
        <Caret Line="175" Column="7" TopLine="64"/>
      </Position12>
    </JumpHistory>
  </ProjectOptions>
  <CompilerOptions>
    <Version Value="11"/>
    <Target>
      <Filename Value="horimetros"/>
    </Target>
    <SearchPaths>
      <IncludeFiles Value="$(ProjOutDir)"/>
      <UnitOutputDirectory Value="lib/$(TargetCPU)-$(TargetOS)"/>
    </SearchPaths>
    <Linking>
      <Options>
        <Win32>
          <GraphicApplication Value="True"/>
        </Win32>
      </Options>
    </Linking>
    <Other>
      <CompilerMessages>
        <UseMsgFile Value="True"/>
      </CompilerMessages>
      <CompilerPath Value="$(CompPath)"/>
    </Other>
  </CompilerOptions>
  <Debugging>
    <Exceptions Count="4">
      <Item1>
        <Name Value="EAbort"/>
      </Item1>
      <Item2>
        <Name Value="ECodetoolError"/>
      </Item2>
      <Item3>
        <Name Value="EFOpenError"/>
      </Item3>
      <Item4>
        <Name Value="Exception"/>
      </Item4>
    </Exceptions>
  </Debugging>
</CONFIG>
